// !$*UTF8*$!
{
	archiveVersion = 1;
	classes = {
	};
	objectVersion = 46;
	objects = {

/* Begin PBXBuildFile section */
		AECA9B531C0EC90E00C30BA4 /* AppDelegate.swift in Sources */ = {isa = PBXBuildFile; fileRef = AECA9B521C0EC90E00C30BA4 /* AppDelegate.swift */; };
		AECA9B551C0EC90E00C30BA4 /* ViewController.swift in Sources */ = {isa = PBXBuildFile; fileRef = AECA9B541C0EC90E00C30BA4 /* ViewController.swift */; };
		AECA9B581C0EC90E00C30BA4 /* Main.storyboard in Resources */ = {isa = PBXBuildFile; fileRef = AECA9B561C0EC90E00C30BA4 /* Main.storyboard */; };
		AECA9B5A1C0EC90E00C30BA4 /* Assets.xcassets in Resources */ = {isa = PBXBuildFile; fileRef = AECA9B591C0EC90E00C30BA4 /* Assets.xcassets */; };
		AECA9B5D1C0EC90E00C30BA4 /* LaunchScreen.storyboard in Resources */ = {isa = PBXBuildFile; fileRef = AECA9B5B1C0EC90E00C30BA4 /* LaunchScreen.storyboard */; };
		AECA9B681C0EC90E00C30BA4 /* OsusumeTests.swift in Sources */ = {isa = PBXBuildFile; fileRef = AECA9B671C0EC90E00C30BA4 /* OsusumeTests.swift */; };
/* End PBXBuildFile section */

/* Begin PBXContainerItemProxy section */
		AECA9B641C0EC90E00C30BA4 /* PBXContainerItemProxy */ = {
			isa = PBXContainerItemProxy;
			containerPortal = AECA9B471C0EC90E00C30BA4 /* Project object */;
			proxyType = 1;
			remoteGlobalIDString = AECA9B4E1C0EC90E00C30BA4;
			remoteInfo = Osusume;
		};
/* End PBXContainerItemProxy section */

/* Begin PBXFileReference section */
		AECA9B4F1C0EC90E00C30BA4 /* Osusume.app */ = {isa = PBXFileReference; explicitFileType = wrapper.application; includeInIndex = 0; path = Osusume.app; sourceTree = BUILT_PRODUCTS_DIR; };
		AECA9B521C0EC90E00C30BA4 /* AppDelegate.swift */ = {isa = PBXFileReference; lastKnownFileType = sourcecode.swift; path = AppDelegate.swift; sourceTree = "<group>"; };
		AECA9B541C0EC90E00C30BA4 /* ViewController.swift */ = {isa = PBXFileReference; lastKnownFileType = sourcecode.swift; path = ViewController.swift; sourceTree = "<group>"; };
		AECA9B571C0EC90E00C30BA4 /* Base */ = {isa = PBXFileReference; lastKnownFileType = file.storyboard; name = Base; path = Base.lproj/Main.storyboard; sourceTree = "<group>"; };
		AECA9B591C0EC90E00C30BA4 /* Assets.xcassets */ = {isa = PBXFileReference; lastKnownFileType = folder.assetcatalog; path = Assets.xcassets; sourceTree = "<group>"; };
		AECA9B5C1C0EC90E00C30BA4 /* Base */ = {isa = PBXFileReference; lastKnownFileType = file.storyboard; name = Base; path = Base.lproj/LaunchScreen.storyboard; sourceTree = "<group>"; };
		AECA9B5E1C0EC90E00C30BA4 /* Info.plist */ = {isa = PBXFileReference; lastKnownFileType = text.plist.xml; path = Info.plist; sourceTree = "<group>"; };
		AECA9B631C0EC90E00C30BA4 /* OsusumeTests.xctest */ = {isa = PBXFileReference; explicitFileType = wrapper.cfbundle; includeInIndex = 0; path = OsusumeTests.xctest; sourceTree = BUILT_PRODUCTS_DIR; };
		AECA9B671C0EC90E00C30BA4 /* OsusumeTests.swift */ = {isa = PBXFileReference; lastKnownFileType = sourcecode.swift; path = OsusumeTests.swift; sourceTree = "<group>"; };
		AECA9B691C0EC90E00C30BA4 /* Info.plist */ = {isa = PBXFileReference; lastKnownFileType = text.plist.xml; path = Info.plist; sourceTree = "<group>"; };
/* End PBXFileReference section */

/* Begin PBXFrameworksBuildPhase section */
		AECA9B4C1C0EC90E00C30BA4 /* Frameworks */ = {
			isa = PBXFrameworksBuildPhase;
			buildActionMask = 2147483647;
			files = (
			);
			runOnlyForDeploymentPostprocessing = 0;
		};
		AECA9B601C0EC90E00C30BA4 /* Frameworks */ = {
			isa = PBXFrameworksBuildPhase;
			buildActionMask = 2147483647;
			files = (
			);
			runOnlyForDeploymentPostprocessing = 0;
		};
/* End PBXFrameworksBuildPhase section */

/* Begin PBXGroup section */
		AECA9B461C0EC90E00C30BA4 = {
			isa = PBXGroup;
			children = (
				AECA9B511C0EC90E00C30BA4 /* Osusume */,
				AECA9B661C0EC90E00C30BA4 /* OsusumeTests */,
				AECA9B501C0EC90E00C30BA4 /* Products */,
			);
			sourceTree = "<group>";
		};
		AECA9B501C0EC90E00C30BA4 /* Products */ = {
			isa = PBXGroup;
			children = (
				AECA9B4F1C0EC90E00C30BA4 /* Osusume.app */,
				AECA9B631C0EC90E00C30BA4 /* OsusumeTests.xctest */,
			);
			name = Products;
			sourceTree = "<group>";
		};
		AECA9B511C0EC90E00C30BA4 /* Osusume */ = {
			isa = PBXGroup;
			children = (
				AECA9B521C0EC90E00C30BA4 /* AppDelegate.swift */,
				AECA9B541C0EC90E00C30BA4 /* ViewController.swift */,
				AECA9B561C0EC90E00C30BA4 /* Main.storyboard */,
				AECA9B591C0EC90E00C30BA4 /* Assets.xcassets */,
				AECA9B5B1C0EC90E00C30BA4 /* LaunchScreen.storyboard */,
				AECA9B5E1C0EC90E00C30BA4 /* Info.plist */,
			);
			path = Osusume;
			sourceTree = "<group>";
		};
		AECA9B661C0EC90E00C30BA4 /* OsusumeTests */ = {
			isa = PBXGroup;
			children = (
				AECA9B671C0EC90E00C30BA4 /* OsusumeTests.swift */,
				AECA9B691C0EC90E00C30BA4 /* Info.plist */,
			);
			path = OsusumeTests;
			sourceTree = "<group>";
		};
/* End PBXGroup section */

/* Begin PBXNativeTarget section */
		AECA9B4E1C0EC90E00C30BA4 /* Osusume */ = {
			isa = PBXNativeTarget;
			buildConfigurationList = AECA9B6C1C0EC90E00C30BA4 /* Build configuration list for PBXNativeTarget "Osusume" */;
			buildPhases = (
				AECA9B4B1C0EC90E00C30BA4 /* Sources */,
				AECA9B4C1C0EC90E00C30BA4 /* Frameworks */,
				AECA9B4D1C0EC90E00C30BA4 /* Resources */,
			);
			buildRules = (
			);
			dependencies = (
			);
			name = Osusume;
			productName = Osusume;
			productReference = AECA9B4F1C0EC90E00C30BA4 /* Osusume.app */;
			productType = "com.apple.product-type.application";
		};
		AECA9B621C0EC90E00C30BA4 /* OsusumeTests */ = {
			isa = PBXNativeTarget;
			buildConfigurationList = AECA9B6F1C0EC90E00C30BA4 /* Build configuration list for PBXNativeTarget "OsusumeTests" */;
			buildPhases = (
				AECA9B5F1C0EC90E00C30BA4 /* Sources */,
				AECA9B601C0EC90E00C30BA4 /* Frameworks */,
				AECA9B611C0EC90E00C30BA4 /* Resources */,
			);
			buildRules = (
			);
			dependencies = (
				AECA9B651C0EC90E00C30BA4 /* PBXTargetDependency */,
			);
			name = OsusumeTests;
			productName = OsusumeTests;
			productReference = AECA9B631C0EC90E00C30BA4 /* OsusumeTests.xctest */;
			productType = "com.apple.product-type.bundle.unit-test";
		};
/* End PBXNativeTarget section */

/* Begin PBXProject section */
		AECA9B471C0EC90E00C30BA4 /* Project object */ = {
			isa = PBXProject;
			attributes = {
				LastSwiftUpdateCheck = 0710;
				LastUpgradeCheck = 0710;
				ORGANIZATIONNAME = io.pivotal;
				TargetAttributes = {
					AECA9B4E1C0EC90E00C30BA4 = {
						CreatedOnToolsVersion = 7.1.1;
					};
					AECA9B621C0EC90E00C30BA4 = {
						CreatedOnToolsVersion = 7.1.1;
						TestTargetID = AECA9B4E1C0EC90E00C30BA4;
					};
				};
			};
			buildConfigurationList = AECA9B4A1C0EC90E00C30BA4 /* Build configuration list for PBXProject "Osusume" */;
			compatibilityVersion = "Xcode 3.2";
			developmentRegion = English;
			hasScannedForEncodings = 0;
			knownRegions = (
				en,
				Base,
			);
			mainGroup = AECA9B461C0EC90E00C30BA4;
			productRefGroup = AECA9B501C0EC90E00C30BA4 /* Products */;
			projectDirPath = "";
			projectRoot = "";
			targets = (
				AECA9B4E1C0EC90E00C30BA4 /* Osusume */,
				AECA9B621C0EC90E00C30BA4 /* OsusumeTests */,
			);
		};
/* End PBXProject section */

/* Begin PBXResourcesBuildPhase section */
		AECA9B4D1C0EC90E00C30BA4 /* Resources */ = {
			isa = PBXResourcesBuildPhase;
			buildActionMask = 2147483647;
			files = (
				AECA9B5D1C0EC90E00C30BA4 /* LaunchScreen.storyboard in Resources */,
				AECA9B5A1C0EC90E00C30BA4 /* Assets.xcassets in Resources */,
				AECA9B581C0EC90E00C30BA4 /* Main.storyboard in Resources */,
			);
			runOnlyForDeploymentPostprocessing = 0;
		};
		AECA9B611C0EC90E00C30BA4 /* Resources */ = {
			isa = PBXResourcesBuildPhase;
			buildActionMask = 2147483647;
			files = (
			);
			runOnlyForDeploymentPostprocessing = 0;
		};
/* End PBXResourcesBuildPhase section */

/* Begin PBXSourcesBuildPhase section */
		AECA9B4B1C0EC90E00C30BA4 /* Sources */ = {
			isa = PBXSourcesBuildPhase;
			buildActionMask = 2147483647;
			files = (
				AECA9B551C0EC90E00C30BA4 /* ViewController.swift in Sources */,
				AECA9B531C0EC90E00C30BA4 /* AppDelegate.swift in Sources */,
			);
			runOnlyForDeploymentPostprocessing = 0;
		};
		AECA9B5F1C0EC90E00C30BA4 /* Sources */ = {
			isa = PBXSourcesBuildPhase;
			buildActionMask = 2147483647;
			files = (
				AECA9B681C0EC90E00C30BA4 /* OsusumeTests.swift in Sources */,
			);
			runOnlyForDeploymentPostprocessing = 0;
		};
/* End PBXSourcesBuildPhase section */

/* Begin PBXTargetDependency section */
		AECA9B651C0EC90E00C30BA4 /* PBXTargetDependency */ = {
			isa = PBXTargetDependency;
			target = AECA9B4E1C0EC90E00C30BA4 /* Osusume */;
			targetProxy = AECA9B641C0EC90E00C30BA4 /* PBXContainerItemProxy */;
		};
/* End PBXTargetDependency section */

/* Begin PBXVariantGroup section */
		AECA9B561C0EC90E00C30BA4 /* Main.storyboard */ = {
			isa = PBXVariantGroup;
			children = (
				AECA9B571C0EC90E00C30BA4 /* Base */,
			);
			name = Main.storyboard;
			sourceTree = "<group>";
		};
		AECA9B5B1C0EC90E00C30BA4 /* LaunchScreen.storyboard */ = {
			isa = PBXVariantGroup;
			children = (
				AECA9B5C1C0EC90E00C30BA4 /* Base */,
			);
			name = LaunchScreen.storyboard;
			sourceTree = "<group>";
		};
/* End PBXVariantGroup section */

/* Begin XCBuildConfiguration section */
		AECA9B6A1C0EC90E00C30BA4 /* Debug */ = {
			isa = XCBuildConfiguration;
			buildSettings = {
				ALWAYS_SEARCH_USER_PATHS = NO;
				CLANG_CXX_LANGUAGE_STANDARD = "gnu++0x";
				CLANG_CXX_LIBRARY = "libc++";
				CLANG_ENABLE_MODULES = YES;
				CLANG_ENABLE_OBJC_ARC = YES;
				CLANG_WARN_BOOL_CONVERSION = YES;
				CLANG_WARN_CONSTANT_CONVERSION = YES;
				CLANG_WARN_DIRECT_OBJC_ISA_USAGE = YES_ERROR;
				CLANG_WARN_EMPTY_BODY = YES;
				CLANG_WARN_ENUM_CONVERSION = YES;
				CLANG_WARN_INT_CONVERSION = YES;
				CLANG_WARN_OBJC_ROOT_CLASS = YES_ERROR;
				CLANG_WARN_UNREACHABLE_CODE = YES;
				CLANG_WARN__DUPLICATE_METHOD_MATCH = YES;
				"CODE_SIGN_IDENTITY[sdk=iphoneos*]" = "iPhone Developer";
				COPY_PHASE_STRIP = NO;
				DEBUG_INFORMATION_FORMAT = dwarf;
				ENABLE_STRICT_OBJC_MSGSEND = YES;
				ENABLE_TESTABILITY = YES;
				GCC_C_LANGUAGE_STANDARD = gnu99;
				GCC_DYNAMIC_NO_PIC = NO;
				GCC_NO_COMMON_BLOCKS = YES;
				GCC_OPTIMIZATION_LEVEL = 0;
				GCC_PREPROCESSOR_DEFINITIONS = (
					"DEBUG=1",
					"$(inherited)",
				);
				GCC_WARN_64_TO_32_BIT_CONVERSION = YES;
				GCC_WARN_ABOUT_RETURN_TYPE = YES_ERROR;
				GCC_WARN_UNDECLARED_SELECTOR = YES;
				GCC_WARN_UNINITIALIZED_AUTOS = YES_AGGRESSIVE;
				GCC_WARN_UNUSED_FUNCTION = YES;
				GCC_WARN_UNUSED_VARIABLE = YES;
				IPHONEOS_DEPLOYMENT_TARGET = 9.1;
				MTL_ENABLE_DEBUG_INFO = YES;
				ONLY_ACTIVE_ARCH = YES;
				SDKROOT = iphoneos;
				SWIFT_OPTIMIZATION_LEVEL = "-Onone";
			};
			name = Debug;
		};
		AECA9B6B1C0EC90E00C30BA4 /* Release */ = {
			isa = XCBuildConfiguration;
			buildSettings = {
				ALWAYS_SEARCH_USER_PATHS = NO;
				CLANG_CXX_LANGUAGE_STANDARD = "gnu++0x";
				CLANG_CXX_LIBRARY = "libc++";
				CLANG_ENABLE_MODULES = YES;
				CLANG_ENABLE_OBJC_ARC = YES;
				CLANG_WARN_BOOL_CONVERSION = YES;
				CLANG_WARN_CONSTANT_CONVERSION = YES;
				CLANG_WARN_DIRECT_OBJC_ISA_USAGE = YES_ERROR;
				CLANG_WARN_EMPTY_BODY = YES;
				CLANG_WARN_ENUM_CONVERSION = YES;
				CLANG_WARN_INT_CONVERSION = YES;
				CLANG_WARN_OBJC_ROOT_CLASS = YES_ERROR;
				CLANG_WARN_UNREACHABLE_CODE = YES;
				CLANG_WARN__DUPLICATE_METHOD_MATCH = YES;
				"CODE_SIGN_IDENTITY[sdk=iphoneos*]" = "iPhone Developer";
				COPY_PHASE_STRIP = NO;
				DEBUG_INFORMATION_FORMAT = "dwarf-with-dsym";
				ENABLE_NS_ASSERTIONS = NO;
				ENABLE_STRICT_OBJC_MSGSEND = YES;
				GCC_C_LANGUAGE_STANDARD = gnu99;
				GCC_NO_COMMON_BLOCKS = YES;
				GCC_WARN_64_TO_32_BIT_CONVERSION = YES;
				GCC_WARN_ABOUT_RETURN_TYPE = YES_ERROR;
				GCC_WARN_UNDECLARED_SELECTOR = YES;
				GCC_WARN_UNINITIALIZED_AUTOS = YES_AGGRESSIVE;
				GCC_WARN_UNUSED_FUNCTION = YES;
				GCC_WARN_UNUSED_VARIABLE = YES;
				IPHONEOS_DEPLOYMENT_TARGET = 9.1;
				MTL_ENABLE_DEBUG_INFO = NO;
				SDKROOT = iphoneos;
				VALIDATE_PRODUCT = YES;
			};
			name = Release;
		};
		AECA9B6D1C0EC90E00C30BA4 /* Debug */ = {
			isa = XCBuildConfiguration;
			buildSettings = {
				ASSETCATALOG_COMPILER_APPICON_NAME = AppIcon;
				INFOPLIST_FILE = Osusume/Info.plist;
				LD_RUNPATH_SEARCH_PATHS = "$(inherited) @executable_path/Frameworks";
				PRODUCT_BUNDLE_IDENTIFIER = Pivotal.Osusume;
				PRODUCT_NAME = "$(TARGET_NAME)";
			};
			name = Debug;
		};
		AECA9B6E1C0EC90E00C30BA4 /* Release */ = {
			isa = XCBuildConfiguration;
			buildSettings = {
				ASSETCATALOG_COMPILER_APPICON_NAME = AppIcon;
				INFOPLIST_FILE = Osusume/Info.plist;
				LD_RUNPATH_SEARCH_PATHS = "$(inherited) @executable_path/Frameworks";
				PRODUCT_BUNDLE_IDENTIFIER = Pivotal.Osusume;
				PRODUCT_NAME = "$(TARGET_NAME)";
			};
			name = Release;
		};
		AECA9B701C0EC90E00C30BA4 /* Debug */ = {
			isa = XCBuildConfiguration;
			buildSettings = {
				BUNDLE_LOADER = "$(TEST_HOST)";
				INFOPLIST_FILE = OsusumeTests/Info.plist;
				LD_RUNPATH_SEARCH_PATHS = "$(inherited) @executable_path/Frameworks @loader_path/Frameworks";
				PRODUCT_BUNDLE_IDENTIFIER = Pivotal.OsusumeTests;
				PRODUCT_NAME = "$(TARGET_NAME)";
				TEST_HOST = "$(BUILT_PRODUCTS_DIR)/Osusume.app/Osusume";
			};
			name = Debug;
		};
		AECA9B711C0EC90E00C30BA4 /* Release */ = {
			isa = XCBuildConfiguration;
			buildSettings = {
				BUNDLE_LOADER = "$(TEST_HOST)";
				INFOPLIST_FILE = OsusumeTests/Info.plist;
				LD_RUNPATH_SEARCH_PATHS = "$(inherited) @executable_path/Frameworks @loader_path/Frameworks";
				PRODUCT_BUNDLE_IDENTIFIER = Pivotal.OsusumeTests;
				PRODUCT_NAME = "$(TARGET_NAME)";
				TEST_HOST = "$(BUILT_PRODUCTS_DIR)/Osusume.app/Osusume";
			};
			name = Release;
		};
/* End XCBuildConfiguration section */

/* Begin XCConfigurationList section */
		AECA9B4A1C0EC90E00C30BA4 /* Build configuration list for PBXProject "Osusume" */ = {
			isa = XCConfigurationList;
			buildConfigurations = (
				AECA9B6A1C0EC90E00C30BA4 /* Debug */,
				AECA9B6B1C0EC90E00C30BA4 /* Release */,
			);
			defaultConfigurationIsVisible = 0;
			defaultConfigurationName = Release;
		};
		AECA9B6C1C0EC90E00C30BA4 /* Build configuration list for PBXNativeTarget "Osusume" */ = {
			isa = XCConfigurationList;
			buildConfigurations = (
				AECA9B6D1C0EC90E00C30BA4 /* Debug */,
				AECA9B6E1C0EC90E00C30BA4 /* Release */,
			);
			defaultConfigurationIsVisible = 0;
		};
		AECA9B6F1C0EC90E00C30BA4 /* Build configuration list for PBXNativeTarget "OsusumeTests" */ = {
			isa = XCConfigurationList;
			buildConfigurations = (
				AECA9B701C0EC90E00C30BA4 /* Debug */,
				AECA9B711C0EC90E00C30BA4 /* Release */,
			);
			defaultConfigurationIsVisible = 0;
		};
/* End XCConfigurationList section */
	};
	rootObject = AECA9B471C0EC90E00C30BA4 /* Project object */;
}
