// !$*UTF8*$!
{
	archiveVersion = 1;
	classes = {
	};
	objectVersion = 46;
	objects = {

/* Begin PBXBuildFile section */
		248243A01C2D2B6400D52D01 /* RestaurantDetailViewController.swift in Sources */ = {isa = PBXBuildFile; fileRef = 2482439F1C2D2B6400D52D01 /* RestaurantDetailViewController.swift */; };
		AE017D661C7177D000788FDF /* KeychainSessionRepo.swift in Sources */ = {isa = PBXBuildFile; fileRef = AE017D651C7177D000788FDF /* KeychainSessionRepo.swift */; };
		AE017D6A1C7179B400788FDF /* KeychainSessionRepoTest.swift in Sources */ = {isa = PBXBuildFile; fileRef = AE017D691C7179B400788FDF /* KeychainSessionRepoTest.swift */; };
		AE0F65C21C60346600778E50 /* FakeRestaurantRepo.swift in Sources */ = {isa = PBXBuildFile; fileRef = AE0F65BF1C60346600778E50 /* FakeRestaurantRepo.swift */; };
		AE0F65C31C60346600778E50 /* FakeRouter.swift in Sources */ = {isa = PBXBuildFile; fileRef = AE0F65C01C60346600778E50 /* FakeRouter.swift */; };
		AE0F65C41C60346600778E50 /* FakeUserRepo.swift in Sources */ = {isa = PBXBuildFile; fileRef = AE0F65C11C60346600778E50 /* FakeUserRepo.swift */; };
		AE10E14C1C5AF079006749F4 /* main.swift in Sources */ = {isa = PBXBuildFile; fileRef = AE10E14B1C5AF079006749F4 /* main.swift */; };
		AE15CB5B1C7C053F0060E862 /* FakeLocalStorage.swift in Sources */ = {isa = PBXBuildFile; fileRef = AE15CB5A1C7C053F0060E862 /* FakeLocalStorage.swift */; };
		AE20233C1C76B5A900F36F6C /* NetworkPhotoRepoTest.swift in Sources */ = {isa = PBXBuildFile; fileRef = AE20233B1C76B5A900F36F6C /* NetworkPhotoRepoTest.swift */; };
		AE20233F1C76BF1700F36F6C /* S3Storage.swift in Sources */ = {isa = PBXBuildFile; fileRef = AE20233E1C76BF1700F36F6C /* S3Storage.swift */; };
		AE2023411C76BF6200F36F6C /* NSUUIDProvider.swift in Sources */ = {isa = PBXBuildFile; fileRef = AE2023401C76BF6200F36F6C /* NSUUIDProvider.swift */; };
		AE2023431C76BFAC00F36F6C /* FakeUUIDProvider.swift in Sources */ = {isa = PBXBuildFile; fileRef = AE2023421C76BFAC00F36F6C /* FakeUUIDProvider.swift */; };
		AE2023451C76BFCE00F36F6C /* FakeStorageProvider.swift in Sources */ = {isa = PBXBuildFile; fileRef = AE2023441C76BFCE00F36F6C /* FakeStorageProvider.swift */; };
		AE237C7E1C76EE490044536D /* HttpCommentRepo.swift in Sources */ = {isa = PBXBuildFile; fileRef = AE237C7D1C76EE490044536D /* HttpCommentRepo.swift */; };
		AE237C811C76EE870044536D /* HttpCommentRepoTest.swift in Sources */ = {isa = PBXBuildFile; fileRef = AE237C801C76EE870044536D /* HttpCommentRepoTest.swift */; };
		AE292CF91C7AB02D0099A85B /* DataParser.swift in Sources */ = {isa = PBXBuildFile; fileRef = AE292CF81C7AB02D0099A85B /* DataParser.swift */; };
		AE292CFB1C7AB1C50099A85B /* CommentParser.swift in Sources */ = {isa = PBXBuildFile; fileRef = AE292CFA1C7AB1C50099A85B /* CommentParser.swift */; };
		AE2978121C1012B400751DD3 /* PureLayout.framework in Frameworks */ = {isa = PBXBuildFile; fileRef = AE2978111C1012B400751DD3 /* PureLayout.framework */; };
		AE331EFA1C50A01C007D37C2 /* RepoError.swift in Sources */ = {isa = PBXBuildFile; fileRef = AE331EF91C50A01C007D37C2 /* RepoError.swift */; };
		AE3369121C7BF31E004BE03B /* ParseError.swift in Sources */ = {isa = PBXBuildFile; fileRef = AE3369111C7BF31E004BE03B /* ParseError.swift */; };
		AE3ECDEE1C76E947002D70B4 /* appleLogo.png in Resources */ = {isa = PBXBuildFile; fileRef = AE3ECDED1C76E947002D70B4 /* appleLogo.png */; };
		AE3ECDF21C7AEAA0002D70B4 /* truck.png in Resources */ = {isa = PBXBuildFile; fileRef = AE3ECDF11C7AEAA0002D70B4 /* truck.png */; };
		AE42F3FB1C72E0AC00447E67 /* HttpRestaurantRepoTest.swift in Sources */ = {isa = PBXBuildFile; fileRef = AE42F3FA1C72E0AC00447E67 /* HttpRestaurantRepoTest.swift */; };
		AE42F3FD1C72E3BF00447E67 /* FakeHttp.swift in Sources */ = {isa = PBXBuildFile; fileRef = AE42F3FC1C72E3BF00447E67 /* FakeHttp.swift */; };
		AE42F3FF1C72E74A00447E67 /* Fixtures.swift in Sources */ = {isa = PBXBuildFile; fileRef = AE42F3FE1C72E74A00447E67 /* Fixtures.swift */; };
		AE74A6051C71727A00BD1C0C /* PhotoRepo.swift in Sources */ = {isa = PBXBuildFile; fileRef = AE74A5FB1C71727A00BD1C0C /* PhotoRepo.swift */; };
		AE74A6061C71727A00BD1C0C /* NetworkPhotoRepo.swift in Sources */ = {isa = PBXBuildFile; fileRef = AE74A5FC1C71727A00BD1C0C /* NetworkPhotoRepo.swift */; };
		AE74A6071C71727A00BD1C0C /* HttpRestaurantRepo.swift in Sources */ = {isa = PBXBuildFile; fileRef = AE74A5FE1C71727A00BD1C0C /* HttpRestaurantRepo.swift */; };
		AE74A6081C71727A00BD1C0C /* RestaurantRepo.swift in Sources */ = {isa = PBXBuildFile; fileRef = AE74A5FF1C71727A00BD1C0C /* RestaurantRepo.swift */; };
		AE74A60A1C71727A00BD1C0C /* HttpUserRepo.swift in Sources */ = {isa = PBXBuildFile; fileRef = AE74A6031C71727A00BD1C0C /* HttpUserRepo.swift */; };
		AE74A60B1C71727A00BD1C0C /* UserRepo.swift in Sources */ = {isa = PBXBuildFile; fileRef = AE74A6041C71727A00BD1C0C /* UserRepo.swift */; };
		AE7623321C719036006272C3 /* SessionRepo.swift in Sources */ = {isa = PBXBuildFile; fileRef = AE7623311C719036006272C3 /* SessionRepo.swift */; };
		AE7623341C7190AA006272C3 /* FakeSessionRepo.swift in Sources */ = {isa = PBXBuildFile; fileRef = AE7623331C7190AA006272C3 /* FakeSessionRepo.swift */; };
		AE7CDA561C69835300A2D6B3 /* WebImage.framework in Frameworks */ = {isa = PBXBuildFile; fileRef = AE7CDA551C69835300A2D6B3 /* WebImage.framework */; };
		AE7E5B801C6870CF0057A795 /* RestaurantTableViewCell.swift in Sources */ = {isa = PBXBuildFile; fileRef = AE7E5B7F1C6870CF0057A795 /* RestaurantTableViewCell.swift */; };
		AE81888F1C3F87DA009D3DE7 /* RestaurantFormView.swift in Sources */ = {isa = PBXBuildFile; fileRef = AE81888E1C3F87D9009D3DE7 /* RestaurantFormView.swift */; };
		AEA712401C4F4BF600862B02 /* LaunchWorkflow.swift in Sources */ = {isa = PBXBuildFile; fileRef = AEA7123F1C4F4BF600862B02 /* LaunchWorkflow.swift */; };
		AEA712481C4F59B300862B02 /* KeychainAccess.framework in Frameworks */ = {isa = PBXBuildFile; fileRef = AEA712471C4F59B300862B02 /* KeychainAccess.framework */; };
		AEAEF4961C730929004ECC89 /* PersistedComment.swift in Sources */ = {isa = PBXBuildFile; fileRef = AEAEF4951C730929004ECC89 /* PersistedComment.swift */; };
		AEAEF4981C7315EC004ECC89 /* ExtensionsForTest.swift in Sources */ = {isa = PBXBuildFile; fileRef = AEAEF4971C7315EC004ECC89 /* ExtensionsForTest.swift */; };
		AEB243901C71666300959434 /* RestaurantListViewControllerTest.swift in Sources */ = {isa = PBXBuildFile; fileRef = AEB2438F1C71666300959434 /* RestaurantListViewControllerTest.swift */; };
		AEC471D41C7439F7001B8C56 /* BSGridCollectionViewLayout.framework in Frameworks */ = {isa = PBXBuildFile; fileRef = AEC471D31C7439F7001B8C56 /* BSGridCollectionViewLayout.framework */; };
		AEC471D61C7439FA001B8C56 /* BSImagePicker.framework in Frameworks */ = {isa = PBXBuildFile; fileRef = AEC471D51C7439FA001B8C56 /* BSImagePicker.framework */; };
		AEC471D81C743A00001B8C56 /* UIImageViewModeScaleAspect.framework in Frameworks */ = {isa = PBXBuildFile; fileRef = AEC471D71C743A00001B8C56 /* UIImageViewModeScaleAspect.framework */; };
		AEC877651C72FFAF0005BEA1 /* FakeCommentRepo.swift in Sources */ = {isa = PBXBuildFile; fileRef = AEC877641C72FFAF0005BEA1 /* FakeCommentRepo.swift */; };
		AEC877681C7300090005BEA1 /* NewCommentViewControllerTest.swift in Sources */ = {isa = PBXBuildFile; fileRef = AEC877671C7300090005BEA1 /* NewCommentViewControllerTest.swift */; };
		AEC8776D1C7305F90005BEA1 /* NewCommentViewController.swift in Sources */ = {isa = PBXBuildFile; fileRef = AEC8776C1C7305F90005BEA1 /* NewCommentViewController.swift */; };
		AEC8776F1C7306320005BEA1 /* NewComment.swift in Sources */ = {isa = PBXBuildFile; fileRef = AEC8776E1C7306320005BEA1 /* NewComment.swift */; };
		AEC9D4C71C754DC2008C4122 /* DateConverterTest.swift in Sources */ = {isa = PBXBuildFile; fileRef = AEC9D4C61C754DC2008C4122 /* DateConverterTest.swift */; };
		AECA9B531C0EC90E00C30BA4 /* AppDelegate.swift in Sources */ = {isa = PBXBuildFile; fileRef = AECA9B521C0EC90E00C30BA4 /* AppDelegate.swift */; };
		AECA9B5A1C0EC90E00C30BA4 /* Assets.xcassets in Resources */ = {isa = PBXBuildFile; fileRef = AECA9B591C0EC90E00C30BA4 /* Assets.xcassets */; };
		AECA9B5D1C0EC90E00C30BA4 /* LaunchScreen.storyboard in Resources */ = {isa = PBXBuildFile; fileRef = AECA9B5B1C0EC90E00C30BA4 /* LaunchScreen.storyboard */; };
		AECA9B7C1C0EDA7100C30BA4 /* Nimble.framework in Frameworks */ = {isa = PBXBuildFile; fileRef = AECA9B771C0ED81500C30BA4 /* Nimble.framework */; };
		AECA9B7D1C0EDA7400C30BA4 /* Quick.framework in Frameworks */ = {isa = PBXBuildFile; fileRef = AECA9B721C0ED6FA00C30BA4 /* Quick.framework */; };
		AED030571C75943F000BC99C /* NewRestaurant.swift in Sources */ = {isa = PBXBuildFile; fileRef = AED030561C75943F000BC99C /* NewRestaurant.swift */; };
		AED333A51C62E8B200127DC6 /* FakePhotoRepo.swift in Sources */ = {isa = PBXBuildFile; fileRef = AED333A41C62E8B200127DC6 /* FakePhotoRepo.swift */; };
		AED333AD1C634A5400127DC6 /* OsusumeUITests.swift in Sources */ = {isa = PBXBuildFile; fileRef = AED333AC1C634A5400127DC6 /* OsusumeUITests.swift */; };
		AEDB5C1C1C755C570050D002 /* RestaurantConverterTest.swift in Sources */ = {isa = PBXBuildFile; fileRef = AEDB5C1B1C755C570050D002 /* RestaurantConverterTest.swift */; };
		AEDB5C1E1C755FF40050D002 /* LaunchWorkflowTest.swift in Sources */ = {isa = PBXBuildFile; fileRef = AEDB5C1D1C755FF40050D002 /* LaunchWorkflowTest.swift */; };
		AEDB5C201C7564170050D002 /* NavigationRouterTest.swift in Sources */ = {isa = PBXBuildFile; fileRef = AEDB5C1F1C7564170050D002 /* NavigationRouterTest.swift */; };
		AEDB5C221C75692F0050D002 /* EditRestaurantViewControllerTest.swift in Sources */ = {isa = PBXBuildFile; fileRef = AEDB5C211C75692F0050D002 /* EditRestaurantViewControllerTest.swift */; };
		AEDB5C241C756B2B0050D002 /* NewRestaurantViewControllerTest.swift in Sources */ = {isa = PBXBuildFile; fileRef = AEDB5C231C756B2B0050D002 /* NewRestaurantViewControllerTest.swift */; };
		AEDB5C261C75A0620050D002 /* LoginViewControllerTest.swift in Sources */ = {isa = PBXBuildFile; fileRef = AEDB5C251C75A0620050D002 /* LoginViewControllerTest.swift */; };
		AEDE88C11C1FA2EE00AF8DA1 /* BrightFutures.framework in Frameworks */ = {isa = PBXBuildFile; fileRef = AEDE88C01C1FA2EE00AF8DA1 /* BrightFutures.framework */; };
		AEDE88C31C1FA57700AF8DA1 /* Result.framework in Frameworks */ = {isa = PBXBuildFile; fileRef = AEDE88C21C1FA57700AF8DA1 /* Result.framework */; };
		AEDE88C71C21342900AF8DA1 /* Alamofire.framework in Frameworks */ = {isa = PBXBuildFile; fileRef = AEDE88C61C21342900AF8DA1 /* Alamofire.framework */; };
		AEDEDC491C71935200E1A031 /* RestaurantDetailPresenter.swift in Sources */ = {isa = PBXBuildFile; fileRef = AEDEDC481C71935200E1A031 /* RestaurantDetailPresenter.swift */; };
		AEDEDC5B1C71B9E500E1A031 /* RestaurantDetailViewControllerTest.swift in Sources */ = {isa = PBXBuildFile; fileRef = AEDEDC5A1C71B9E500E1A031 /* RestaurantDetailViewControllerTest.swift */; };
		AEE095DD1C44A009008E104B /* EditRestaurantViewController.swift in Sources */ = {isa = PBXBuildFile; fileRef = AEE095DC1C44A009008E104B /* EditRestaurantViewController.swift */; };
		AEE7CB041C7AB48F00F31289 /* CommentParserTest.swift in Sources */ = {isa = PBXBuildFile; fileRef = AEE7CB031C7AB48F00F31289 /* CommentParserTest.swift */; };
		AEF8BF901C61C263000677EB /* libz.tbd in Frameworks */ = {isa = PBXBuildFile; fileRef = AEF8BF8F1C61C263000677EB /* libz.tbd */; };
		AEFCB7781C6191FB0096DD93 /* AWSS3.framework in Frameworks */ = {isa = PBXBuildFile; fileRef = AEFCB7771C6191FB0096DD93 /* AWSS3.framework */; };
		AEFCB77A1C6192020096DD93 /* AWSCore.framework in Frameworks */ = {isa = PBXBuildFile; fileRef = AEFCB7791C6192020096DD93 /* AWSCore.framework */; };
		AEFCB77C1C6194CE0096DD93 /* AWSCognito.framework in Frameworks */ = {isa = PBXBuildFile; fileRef = AEFCB77B1C6194CE0096DD93 /* AWSCognito.framework */; };
		AEFD19C31C61E6E7008809D5 /* DateConverter.swift in Sources */ = {isa = PBXBuildFile; fileRef = AEFD19C21C61E6E7008809D5 /* DateConverter.swift */; };
		DE99C10616C05F8501BCC810 /* RestaurantListViewController.swift in Sources */ = {isa = PBXBuildFile; fileRef = DE99CF23833B1E11CEDEBB5E /* RestaurantListViewController.swift */; };
		DE99C1BD8A703F77AFD777D0 /* NavigationRouter.swift in Sources */ = {isa = PBXBuildFile; fileRef = DE99CAA9114682DAC8B2446F /* NavigationRouter.swift */; };
		DE99C2F30746E41BE551929B /* LoginViewController.swift in Sources */ = {isa = PBXBuildFile; fileRef = DE99CAE18A548DAFDFD0CE09 /* LoginViewController.swift */; };
		DE99C674E82B6B17CDB36A4B /* Router.swift in Sources */ = {isa = PBXBuildFile; fileRef = DE99CAB71B3ED7401BC1C3D2 /* Router.swift */; };
		DE99C76AD03A5F6287E76BFC /* Restaurant.swift in Sources */ = {isa = PBXBuildFile; fileRef = DE99CAF596314CE5FFBC2D2A /* Restaurant.swift */; };
		DE99C785DEA75F18FF4965A3 /* RestaurantConverter.swift in Sources */ = {isa = PBXBuildFile; fileRef = DE99CE0583D662B014365B8D /* RestaurantConverter.swift */; };
		DE99C7C1E73B412E900D494C /* AlamofireHttp.swift in Sources */ = {isa = PBXBuildFile; fileRef = DE99CC0BEA8795F1B35798F3 /* AlamofireHttp.swift */; };
		DE99CAAB65BC8243F5B84D01 /* NewRestaurantViewController.swift in Sources */ = {isa = PBXBuildFile; fileRef = DE99CFD1D44DEE333A4B91FC /* NewRestaurantViewController.swift */; };
		DE99CDBDBD35F271954B99EC /* Http.swift in Sources */ = {isa = PBXBuildFile; fileRef = DE99CAD7F4ABA2ED123E25BF /* Http.swift */; };
/* End PBXBuildFile section */

/* Begin PBXContainerItemProxy section */
		AECA9B641C0EC90E00C30BA4 /* PBXContainerItemProxy */ = {
			isa = PBXContainerItemProxy;
			containerPortal = AECA9B471C0EC90E00C30BA4 /* Project object */;
			proxyType = 1;
			remoteGlobalIDString = AECA9B4E1C0EC90E00C30BA4;
			remoteInfo = Osusume;
		};
		AED333AF1C634A5400127DC6 /* PBXContainerItemProxy */ = {
			isa = PBXContainerItemProxy;
			containerPortal = AECA9B471C0EC90E00C30BA4 /* Project object */;
			proxyType = 1;
			remoteGlobalIDString = AECA9B4E1C0EC90E00C30BA4;
			remoteInfo = Osusume;
		};
/* End PBXContainerItemProxy section */

/* Begin PBXFileReference section */
		2482439F1C2D2B6400D52D01 /* RestaurantDetailViewController.swift */ = {isa = PBXFileReference; fileEncoding = 4; lastKnownFileType = sourcecode.swift; path = RestaurantDetailViewController.swift; sourceTree = "<group>"; };
		AE017D651C7177D000788FDF /* KeychainSessionRepo.swift */ = {isa = PBXFileReference; fileEncoding = 4; lastKnownFileType = sourcecode.swift; path = KeychainSessionRepo.swift; sourceTree = "<group>"; };
		AE017D691C7179B400788FDF /* KeychainSessionRepoTest.swift */ = {isa = PBXFileReference; fileEncoding = 4; lastKnownFileType = sourcecode.swift; path = KeychainSessionRepoTest.swift; sourceTree = "<group>"; };
		AE0F65BF1C60346600778E50 /* FakeRestaurantRepo.swift */ = {isa = PBXFileReference; fileEncoding = 4; lastKnownFileType = sourcecode.swift; path = FakeRestaurantRepo.swift; sourceTree = "<group>"; };
		AE0F65C01C60346600778E50 /* FakeRouter.swift */ = {isa = PBXFileReference; fileEncoding = 4; lastKnownFileType = sourcecode.swift; path = FakeRouter.swift; sourceTree = "<group>"; };
		AE0F65C11C60346600778E50 /* FakeUserRepo.swift */ = {isa = PBXFileReference; fileEncoding = 4; lastKnownFileType = sourcecode.swift; path = FakeUserRepo.swift; sourceTree = "<group>"; };
		AE10E14B1C5AF079006749F4 /* main.swift */ = {isa = PBXFileReference; fileEncoding = 4; lastKnownFileType = sourcecode.swift; path = main.swift; sourceTree = "<group>"; };
		AE15CB5A1C7C053F0060E862 /* FakeLocalStorage.swift */ = {isa = PBXFileReference; fileEncoding = 4; lastKnownFileType = sourcecode.swift; path = FakeLocalStorage.swift; sourceTree = "<group>"; };
		AE20233B1C76B5A900F36F6C /* NetworkPhotoRepoTest.swift */ = {isa = PBXFileReference; fileEncoding = 4; lastKnownFileType = sourcecode.swift; path = NetworkPhotoRepoTest.swift; sourceTree = "<group>"; };
		AE20233E1C76BF1700F36F6C /* S3Storage.swift */ = {isa = PBXFileReference; fileEncoding = 4; lastKnownFileType = sourcecode.swift; path = S3Storage.swift; sourceTree = "<group>"; };
		AE2023401C76BF6200F36F6C /* NSUUIDProvider.swift */ = {isa = PBXFileReference; fileEncoding = 4; lastKnownFileType = sourcecode.swift; path = NSUUIDProvider.swift; sourceTree = "<group>"; };
		AE2023421C76BFAC00F36F6C /* FakeUUIDProvider.swift */ = {isa = PBXFileReference; fileEncoding = 4; lastKnownFileType = sourcecode.swift; path = FakeUUIDProvider.swift; sourceTree = "<group>"; };
		AE2023441C76BFCE00F36F6C /* FakeStorageProvider.swift */ = {isa = PBXFileReference; fileEncoding = 4; lastKnownFileType = sourcecode.swift; path = FakeStorageProvider.swift; sourceTree = "<group>"; };
		AE237C7D1C76EE490044536D /* HttpCommentRepo.swift */ = {isa = PBXFileReference; fileEncoding = 4; lastKnownFileType = sourcecode.swift; path = HttpCommentRepo.swift; sourceTree = "<group>"; };
		AE237C801C76EE870044536D /* HttpCommentRepoTest.swift */ = {isa = PBXFileReference; fileEncoding = 4; lastKnownFileType = sourcecode.swift; path = HttpCommentRepoTest.swift; sourceTree = "<group>"; };
		AE292CF81C7AB02D0099A85B /* DataParser.swift */ = {isa = PBXFileReference; fileEncoding = 4; lastKnownFileType = sourcecode.swift; path = DataParser.swift; sourceTree = "<group>"; };
		AE292CFA1C7AB1C50099A85B /* CommentParser.swift */ = {isa = PBXFileReference; fileEncoding = 4; lastKnownFileType = sourcecode.swift; path = CommentParser.swift; sourceTree = "<group>"; };
		AE2978111C1012B400751DD3 /* PureLayout.framework */ = {isa = PBXFileReference; lastKnownFileType = wrapper.framework; name = PureLayout.framework; path = Carthage/Build/iOS/PureLayout.framework; sourceTree = "<group>"; };
		AE331EF91C50A01C007D37C2 /* RepoError.swift */ = {isa = PBXFileReference; fileEncoding = 4; lastKnownFileType = sourcecode.swift; path = RepoError.swift; sourceTree = "<group>"; };
		AE3369111C7BF31E004BE03B /* ParseError.swift */ = {isa = PBXFileReference; fileEncoding = 4; lastKnownFileType = sourcecode.swift; path = ParseError.swift; sourceTree = "<group>"; };
		AE3ECDED1C76E947002D70B4 /* appleLogo.png */ = {isa = PBXFileReference; lastKnownFileType = image.png; path = appleLogo.png; sourceTree = "<group>"; };
		AE3ECDF11C7AEAA0002D70B4 /* truck.png */ = {isa = PBXFileReference; lastKnownFileType = image.png; path = truck.png; sourceTree = "<group>"; };
		AE42F3FA1C72E0AC00447E67 /* HttpRestaurantRepoTest.swift */ = {isa = PBXFileReference; fileEncoding = 4; lastKnownFileType = sourcecode.swift; path = HttpRestaurantRepoTest.swift; sourceTree = "<group>"; };
		AE42F3FC1C72E3BF00447E67 /* FakeHttp.swift */ = {isa = PBXFileReference; fileEncoding = 4; lastKnownFileType = sourcecode.swift; path = FakeHttp.swift; sourceTree = "<group>"; };
		AE42F3FE1C72E74A00447E67 /* Fixtures.swift */ = {isa = PBXFileReference; fileEncoding = 4; lastKnownFileType = sourcecode.swift; path = Fixtures.swift; sourceTree = "<group>"; };
		AE74A5FB1C71727A00BD1C0C /* PhotoRepo.swift */ = {isa = PBXFileReference; fileEncoding = 4; lastKnownFileType = sourcecode.swift; path = PhotoRepo.swift; sourceTree = "<group>"; };
		AE74A5FC1C71727A00BD1C0C /* NetworkPhotoRepo.swift */ = {isa = PBXFileReference; fileEncoding = 4; lastKnownFileType = sourcecode.swift; path = NetworkPhotoRepo.swift; sourceTree = "<group>"; };
		AE74A5FE1C71727A00BD1C0C /* HttpRestaurantRepo.swift */ = {isa = PBXFileReference; fileEncoding = 4; lastKnownFileType = sourcecode.swift; path = HttpRestaurantRepo.swift; sourceTree = "<group>"; };
		AE74A5FF1C71727A00BD1C0C /* RestaurantRepo.swift */ = {isa = PBXFileReference; fileEncoding = 4; lastKnownFileType = sourcecode.swift; path = RestaurantRepo.swift; sourceTree = "<group>"; };
		AE74A6031C71727A00BD1C0C /* HttpUserRepo.swift */ = {isa = PBXFileReference; fileEncoding = 4; lastKnownFileType = sourcecode.swift; path = HttpUserRepo.swift; sourceTree = "<group>"; };
		AE74A6041C71727A00BD1C0C /* UserRepo.swift */ = {isa = PBXFileReference; fileEncoding = 4; lastKnownFileType = sourcecode.swift; path = UserRepo.swift; sourceTree = "<group>"; };
		AE7623311C719036006272C3 /* SessionRepo.swift */ = {isa = PBXFileReference; fileEncoding = 4; lastKnownFileType = sourcecode.swift; path = SessionRepo.swift; sourceTree = "<group>"; };
		AE7623331C7190AA006272C3 /* FakeSessionRepo.swift */ = {isa = PBXFileReference; fileEncoding = 4; lastKnownFileType = sourcecode.swift; path = FakeSessionRepo.swift; sourceTree = "<group>"; };
		AE7CDA551C69835300A2D6B3 /* WebImage.framework */ = {isa = PBXFileReference; lastKnownFileType = wrapper.framework; name = WebImage.framework; path = Carthage/Build/iOS/WebImage.framework; sourceTree = "<group>"; };
		AE7E5B7F1C6870CF0057A795 /* RestaurantTableViewCell.swift */ = {isa = PBXFileReference; fileEncoding = 4; lastKnownFileType = sourcecode.swift; path = RestaurantTableViewCell.swift; sourceTree = "<group>"; };
		AE81888E1C3F87D9009D3DE7 /* RestaurantFormView.swift */ = {isa = PBXFileReference; fileEncoding = 4; lastKnownFileType = sourcecode.swift; path = RestaurantFormView.swift; sourceTree = "<group>"; };
		AEA7123F1C4F4BF600862B02 /* LaunchWorkflow.swift */ = {isa = PBXFileReference; fileEncoding = 4; lastKnownFileType = sourcecode.swift; path = LaunchWorkflow.swift; sourceTree = "<group>"; };
		AEA712471C4F59B300862B02 /* KeychainAccess.framework */ = {isa = PBXFileReference; lastKnownFileType = wrapper.framework; name = KeychainAccess.framework; path = Carthage/Build/iOS/KeychainAccess.framework; sourceTree = "<group>"; };
		AEAEF4951C730929004ECC89 /* PersistedComment.swift */ = {isa = PBXFileReference; fileEncoding = 4; lastKnownFileType = sourcecode.swift; path = PersistedComment.swift; sourceTree = "<group>"; };
		AEAEF4971C7315EC004ECC89 /* ExtensionsForTest.swift */ = {isa = PBXFileReference; fileEncoding = 4; lastKnownFileType = sourcecode.swift; path = ExtensionsForTest.swift; sourceTree = "<group>"; };
		AEB2438F1C71666300959434 /* RestaurantListViewControllerTest.swift */ = {isa = PBXFileReference; fileEncoding = 4; lastKnownFileType = sourcecode.swift; path = RestaurantListViewControllerTest.swift; sourceTree = "<group>"; };
		AEC471D31C7439F7001B8C56 /* BSGridCollectionViewLayout.framework */ = {isa = PBXFileReference; lastKnownFileType = wrapper.framework; name = BSGridCollectionViewLayout.framework; path = Carthage/Build/iOS/BSGridCollectionViewLayout.framework; sourceTree = "<group>"; };
		AEC471D51C7439FA001B8C56 /* BSImagePicker.framework */ = {isa = PBXFileReference; lastKnownFileType = wrapper.framework; name = BSImagePicker.framework; path = Carthage/Build/iOS/BSImagePicker.framework; sourceTree = "<group>"; };
		AEC471D71C743A00001B8C56 /* UIImageViewModeScaleAspect.framework */ = {isa = PBXFileReference; lastKnownFileType = wrapper.framework; name = UIImageViewModeScaleAspect.framework; path = Carthage/Build/iOS/UIImageViewModeScaleAspect.framework; sourceTree = "<group>"; };
		AEC877641C72FFAF0005BEA1 /* FakeCommentRepo.swift */ = {isa = PBXFileReference; fileEncoding = 4; lastKnownFileType = sourcecode.swift; path = FakeCommentRepo.swift; sourceTree = "<group>"; };
		AEC877671C7300090005BEA1 /* NewCommentViewControllerTest.swift */ = {isa = PBXFileReference; fileEncoding = 4; lastKnownFileType = sourcecode.swift; path = NewCommentViewControllerTest.swift; sourceTree = "<group>"; };
		AEC8776C1C7305F90005BEA1 /* NewCommentViewController.swift */ = {isa = PBXFileReference; fileEncoding = 4; lastKnownFileType = sourcecode.swift; path = NewCommentViewController.swift; sourceTree = "<group>"; };
		AEC8776E1C7306320005BEA1 /* NewComment.swift */ = {isa = PBXFileReference; fileEncoding = 4; lastKnownFileType = sourcecode.swift; path = NewComment.swift; sourceTree = "<group>"; };
		AEC9D4C61C754DC2008C4122 /* DateConverterTest.swift */ = {isa = PBXFileReference; fileEncoding = 4; lastKnownFileType = sourcecode.swift; path = DateConverterTest.swift; sourceTree = "<group>"; };
		AECA9B4F1C0EC90E00C30BA4 /* Osusume.app */ = {isa = PBXFileReference; explicitFileType = wrapper.application; includeInIndex = 0; path = Osusume.app; sourceTree = BUILT_PRODUCTS_DIR; };
		AECA9B521C0EC90E00C30BA4 /* AppDelegate.swift */ = {isa = PBXFileReference; lastKnownFileType = sourcecode.swift; path = AppDelegate.swift; sourceTree = "<group>"; };
		AECA9B591C0EC90E00C30BA4 /* Assets.xcassets */ = {isa = PBXFileReference; lastKnownFileType = folder.assetcatalog; path = Assets.xcassets; sourceTree = "<group>"; };
		AECA9B5C1C0EC90E00C30BA4 /* Base */ = {isa = PBXFileReference; lastKnownFileType = file.storyboard; name = Base; path = Base.lproj/LaunchScreen.storyboard; sourceTree = "<group>"; };
		AECA9B5E1C0EC90E00C30BA4 /* Info.plist */ = {isa = PBXFileReference; lastKnownFileType = text.plist.xml; path = Info.plist; sourceTree = "<group>"; };
		AECA9B631C0EC90E00C30BA4 /* OsusumeTests.xctest */ = {isa = PBXFileReference; explicitFileType = wrapper.cfbundle; includeInIndex = 0; path = OsusumeTests.xctest; sourceTree = BUILT_PRODUCTS_DIR; };
		AECA9B691C0EC90E00C30BA4 /* Info.plist */ = {isa = PBXFileReference; lastKnownFileType = text.plist.xml; path = Info.plist; sourceTree = "<group>"; };
		AECA9B721C0ED6FA00C30BA4 /* Quick.framework */ = {isa = PBXFileReference; lastKnownFileType = wrapper.framework; name = Quick.framework; path = Carthage/Build/iOS/Quick.framework; sourceTree = "<group>"; };
		AECA9B771C0ED81500C30BA4 /* Nimble.framework */ = {isa = PBXFileReference; lastKnownFileType = wrapper.framework; name = Nimble.framework; path = Carthage/Build/iOS/Nimble.framework; sourceTree = "<group>"; };
		AED030561C75943F000BC99C /* NewRestaurant.swift */ = {isa = PBXFileReference; fileEncoding = 4; lastKnownFileType = sourcecode.swift; path = NewRestaurant.swift; sourceTree = "<group>"; };
		AED333A41C62E8B200127DC6 /* FakePhotoRepo.swift */ = {isa = PBXFileReference; fileEncoding = 4; lastKnownFileType = sourcecode.swift; path = FakePhotoRepo.swift; sourceTree = "<group>"; };
		AED333AA1C634A5400127DC6 /* OsusumeUITests.xctest */ = {isa = PBXFileReference; explicitFileType = wrapper.cfbundle; includeInIndex = 0; path = OsusumeUITests.xctest; sourceTree = BUILT_PRODUCTS_DIR; };
		AED333AC1C634A5400127DC6 /* OsusumeUITests.swift */ = {isa = PBXFileReference; lastKnownFileType = sourcecode.swift; path = OsusumeUITests.swift; sourceTree = "<group>"; };
		AED333AE1C634A5400127DC6 /* Info.plist */ = {isa = PBXFileReference; lastKnownFileType = text.plist.xml; path = Info.plist; sourceTree = "<group>"; };
		AEDB5C1B1C755C570050D002 /* RestaurantConverterTest.swift */ = {isa = PBXFileReference; fileEncoding = 4; lastKnownFileType = sourcecode.swift; path = RestaurantConverterTest.swift; sourceTree = "<group>"; };
		AEDB5C1D1C755FF40050D002 /* LaunchWorkflowTest.swift */ = {isa = PBXFileReference; fileEncoding = 4; lastKnownFileType = sourcecode.swift; path = LaunchWorkflowTest.swift; sourceTree = "<group>"; };
		AEDB5C1F1C7564170050D002 /* NavigationRouterTest.swift */ = {isa = PBXFileReference; fileEncoding = 4; lastKnownFileType = sourcecode.swift; path = NavigationRouterTest.swift; sourceTree = "<group>"; };
		AEDB5C211C75692F0050D002 /* EditRestaurantViewControllerTest.swift */ = {isa = PBXFileReference; fileEncoding = 4; lastKnownFileType = sourcecode.swift; path = EditRestaurantViewControllerTest.swift; sourceTree = "<group>"; };
		AEDB5C231C756B2B0050D002 /* NewRestaurantViewControllerTest.swift */ = {isa = PBXFileReference; fileEncoding = 4; lastKnownFileType = sourcecode.swift; path = NewRestaurantViewControllerTest.swift; sourceTree = "<group>"; };
		AEDB5C251C75A0620050D002 /* LoginViewControllerTest.swift */ = {isa = PBXFileReference; fileEncoding = 4; lastKnownFileType = sourcecode.swift; path = LoginViewControllerTest.swift; sourceTree = "<group>"; };
		AEDE88C01C1FA2EE00AF8DA1 /* BrightFutures.framework */ = {isa = PBXFileReference; lastKnownFileType = wrapper.framework; name = BrightFutures.framework; path = Carthage/Build/iOS/BrightFutures.framework; sourceTree = "<group>"; };
		AEDE88C21C1FA57700AF8DA1 /* Result.framework */ = {isa = PBXFileReference; lastKnownFileType = wrapper.framework; name = Result.framework; path = Carthage/Build/iOS/Result.framework; sourceTree = "<group>"; };
		AEDE88C61C21342900AF8DA1 /* Alamofire.framework */ = {isa = PBXFileReference; lastKnownFileType = wrapper.framework; name = Alamofire.framework; path = Carthage/Build/iOS/Alamofire.framework; sourceTree = "<group>"; };
		AEDEDC441C716D6900E1A031 /* OsusumeBridgingHeader.h */ = {isa = PBXFileReference; fileEncoding = 4; lastKnownFileType = sourcecode.c.h; path = OsusumeBridgingHeader.h; sourceTree = "<group>"; };
		AEDEDC481C71935200E1A031 /* RestaurantDetailPresenter.swift */ = {isa = PBXFileReference; fileEncoding = 4; lastKnownFileType = sourcecode.swift; path = RestaurantDetailPresenter.swift; sourceTree = "<group>"; };
		AEDEDC5A1C71B9E500E1A031 /* RestaurantDetailViewControllerTest.swift */ = {isa = PBXFileReference; fileEncoding = 4; lastKnownFileType = sourcecode.swift; path = RestaurantDetailViewControllerTest.swift; sourceTree = "<group>"; };
		AEE095DC1C44A009008E104B /* EditRestaurantViewController.swift */ = {isa = PBXFileReference; fileEncoding = 4; lastKnownFileType = sourcecode.swift; path = EditRestaurantViewController.swift; sourceTree = "<group>"; };
		AEE7CB031C7AB48F00F31289 /* CommentParserTest.swift */ = {isa = PBXFileReference; fileEncoding = 4; lastKnownFileType = sourcecode.swift; path = CommentParserTest.swift; sourceTree = "<group>"; };
		AEF8BF8F1C61C263000677EB /* libz.tbd */ = {isa = PBXFileReference; lastKnownFileType = "sourcecode.text-based-dylib-definition"; name = libz.tbd; path = usr/lib/libz.tbd; sourceTree = SDKROOT; };
		AEFCB7771C6191FB0096DD93 /* AWSS3.framework */ = {isa = PBXFileReference; lastKnownFileType = wrapper.framework; name = AWSS3.framework; path = "Libs/aws-ios-sdk-2.3.4/frameworks/AWSS3.framework"; sourceTree = "<group>"; };
		AEFCB7791C6192020096DD93 /* AWSCore.framework */ = {isa = PBXFileReference; lastKnownFileType = wrapper.framework; name = AWSCore.framework; path = "Libs/aws-ios-sdk-2.3.4/frameworks/AWSCore.framework"; sourceTree = "<group>"; };
		AEFCB77B1C6194CE0096DD93 /* AWSCognito.framework */ = {isa = PBXFileReference; lastKnownFileType = wrapper.framework; name = AWSCognito.framework; path = "Libs/aws-ios-sdk-2.3.4/frameworks/extras/AWSCognito.framework"; sourceTree = "<group>"; };
		AEFD19C21C61E6E7008809D5 /* DateConverter.swift */ = {isa = PBXFileReference; fileEncoding = 4; lastKnownFileType = sourcecode.swift; path = DateConverter.swift; sourceTree = "<group>"; };
		DE99CAA9114682DAC8B2446F /* NavigationRouter.swift */ = {isa = PBXFileReference; fileEncoding = 4; lastKnownFileType = sourcecode.swift; path = NavigationRouter.swift; sourceTree = "<group>"; };
		DE99CAB71B3ED7401BC1C3D2 /* Router.swift */ = {isa = PBXFileReference; fileEncoding = 4; lastKnownFileType = sourcecode.swift; path = Router.swift; sourceTree = "<group>"; };
		DE99CAD7F4ABA2ED123E25BF /* Http.swift */ = {isa = PBXFileReference; fileEncoding = 4; lastKnownFileType = sourcecode.swift; path = Http.swift; sourceTree = "<group>"; };
		DE99CAE18A548DAFDFD0CE09 /* LoginViewController.swift */ = {isa = PBXFileReference; fileEncoding = 4; lastKnownFileType = sourcecode.swift; path = LoginViewController.swift; sourceTree = "<group>"; };
		DE99CAF596314CE5FFBC2D2A /* Restaurant.swift */ = {isa = PBXFileReference; fileEncoding = 4; lastKnownFileType = sourcecode.swift; path = Restaurant.swift; sourceTree = "<group>"; };
		DE99CC0BEA8795F1B35798F3 /* AlamofireHttp.swift */ = {isa = PBXFileReference; fileEncoding = 4; lastKnownFileType = sourcecode.swift; path = AlamofireHttp.swift; sourceTree = "<group>"; };
		DE99CE0583D662B014365B8D /* RestaurantConverter.swift */ = {isa = PBXFileReference; fileEncoding = 4; lastKnownFileType = sourcecode.swift; path = RestaurantConverter.swift; sourceTree = "<group>"; };
		DE99CF23833B1E11CEDEBB5E /* RestaurantListViewController.swift */ = {isa = PBXFileReference; fileEncoding = 4; lastKnownFileType = sourcecode.swift; path = RestaurantListViewController.swift; sourceTree = "<group>"; };
		DE99CFD1D44DEE333A4B91FC /* NewRestaurantViewController.swift */ = {isa = PBXFileReference; fileEncoding = 4; lastKnownFileType = sourcecode.swift; path = NewRestaurantViewController.swift; sourceTree = "<group>"; };
/* End PBXFileReference section */

/* Begin PBXFrameworksBuildPhase section */
		AECA9B4C1C0EC90E00C30BA4 /* Frameworks */ = {
			isa = PBXFrameworksBuildPhase;
			buildActionMask = 2147483647;
			files = (
				AEDE88C71C21342900AF8DA1 /* Alamofire.framework in Frameworks */,
				AEFCB77C1C6194CE0096DD93 /* AWSCognito.framework in Frameworks */,
				AEFCB77A1C6192020096DD93 /* AWSCore.framework in Frameworks */,
				AEFCB7781C6191FB0096DD93 /* AWSS3.framework in Frameworks */,
				AEDE88C11C1FA2EE00AF8DA1 /* BrightFutures.framework in Frameworks */,
				AEC471D41C7439F7001B8C56 /* BSGridCollectionViewLayout.framework in Frameworks */,
				AEC471D61C7439FA001B8C56 /* BSImagePicker.framework in Frameworks */,
				AEA712481C4F59B300862B02 /* KeychainAccess.framework in Frameworks */,
				AEF8BF901C61C263000677EB /* libz.tbd in Frameworks */,
				AE2978121C1012B400751DD3 /* PureLayout.framework in Frameworks */,
				AEDE88C31C1FA57700AF8DA1 /* Result.framework in Frameworks */,
				AEC471D81C743A00001B8C56 /* UIImageViewModeScaleAspect.framework in Frameworks */,
				AE7CDA561C69835300A2D6B3 /* WebImage.framework in Frameworks */,
			);
			runOnlyForDeploymentPostprocessing = 0;
		};
		AECA9B601C0EC90E00C30BA4 /* Frameworks */ = {
			isa = PBXFrameworksBuildPhase;
			buildActionMask = 2147483647;
			files = (
				AECA9B7C1C0EDA7100C30BA4 /* Nimble.framework in Frameworks */,
				AECA9B7D1C0EDA7400C30BA4 /* Quick.framework in Frameworks */,
			);
			runOnlyForDeploymentPostprocessing = 0;
		};
		AED333A71C634A5400127DC6 /* Frameworks */ = {
			isa = PBXFrameworksBuildPhase;
			buildActionMask = 2147483647;
			files = (
			);
			runOnlyForDeploymentPostprocessing = 0;
		};
/* End PBXFrameworksBuildPhase section */

/* Begin PBXGroup section */
		AE017D671C71799D00788FDF /* Repos */ = {
			isa = PBXGroup;
			children = (
				AE237C7F1C76EE770044536D /* CommentRepo */,
				AE2023381C76A85400F36F6C /* PhotoRepo */,
				AE42F3F91C72E09F00447E67 /* RestaurantRepo */,
				AE017D681C71799D00788FDF /* SessionRepo */,
			);
			path = Repos;
			sourceTree = "<group>";
		};
		AE017D681C71799D00788FDF /* SessionRepo */ = {
			isa = PBXGroup;
			children = (
				AE017D691C7179B400788FDF /* KeychainSessionRepoTest.swift */,
			);
			path = SessionRepo;
			sourceTree = "<group>";
		};
		AE0F65BE1C60346600778E50 /* Fakes */ = {
			isa = PBXGroup;
			children = (
				AEC877641C72FFAF0005BEA1 /* FakeCommentRepo.swift */,
				AE42F3FC1C72E3BF00447E67 /* FakeHttp.swift */,
				AE15CB5A1C7C053F0060E862 /* FakeLocalStorage.swift */,
				AED333A41C62E8B200127DC6 /* FakePhotoRepo.swift */,
				AE0F65BF1C60346600778E50 /* FakeRestaurantRepo.swift */,
				AE0F65C01C60346600778E50 /* FakeRouter.swift */,
				AE7623331C7190AA006272C3 /* FakeSessionRepo.swift */,
				AE2023441C76BFCE00F36F6C /* FakeStorageProvider.swift */,
				AE0F65C11C60346600778E50 /* FakeUserRepo.swift */,
				AE2023421C76BFAC00F36F6C /* FakeUUIDProvider.swift */,
			);
			path = Fakes;
			sourceTree = "<group>";
		};
		AE1CEF6C1C15605B0006073F /* Frameworks */ = {
			isa = PBXGroup;
			children = (
				AEDE88C61C21342900AF8DA1 /* Alamofire.framework */,
				AEFCB77B1C6194CE0096DD93 /* AWSCognito.framework */,
				AEFCB7791C6192020096DD93 /* AWSCore.framework */,
				AEFCB7771C6191FB0096DD93 /* AWSS3.framework */,
				AEDE88C01C1FA2EE00AF8DA1 /* BrightFutures.framework */,
				AEC471D31C7439F7001B8C56 /* BSGridCollectionViewLayout.framework */,
				AEC471D51C7439FA001B8C56 /* BSImagePicker.framework */,
				AEA712471C4F59B300862B02 /* KeychainAccess.framework */,
				AEF8BF8F1C61C263000677EB /* libz.tbd */,
				AECA9B771C0ED81500C30BA4 /* Nimble.framework */,
				AE2978111C1012B400751DD3 /* PureLayout.framework */,
				AECA9B721C0ED6FA00C30BA4 /* Quick.framework */,
				AEDE88C21C1FA57700AF8DA1 /* Result.framework */,
				AEC471D71C743A00001B8C56 /* UIImageViewModeScaleAspect.framework */,
				AE7CDA551C69835300A2D6B3 /* WebImage.framework */,
			);
			name = Frameworks;
			sourceTree = "<group>";
		};
		AE2023381C76A85400F36F6C /* PhotoRepo */ = {
			isa = PBXGroup;
			children = (
				AE20233B1C76B5A900F36F6C /* NetworkPhotoRepoTest.swift */,
			);
			path = PhotoRepo;
			sourceTree = "<group>";
		};
		AE20233D1C76BF0E00F36F6C /* Storage */ = {
			isa = PBXGroup;
			children = (
				AE2023401C76BF6200F36F6C /* NSUUIDProvider.swift */,
				AE20233E1C76BF1700F36F6C /* S3Storage.swift */,
			);
			path = Storage;
			sourceTree = "<group>";
		};
		AE237C7C1C76EE490044536D /* CommentRepo */ = {
			isa = PBXGroup;
			children = (
				AE237C7D1C76EE490044536D /* HttpCommentRepo.swift */,
			);
			path = CommentRepo;
			sourceTree = "<group>";
		};
		AE237C7F1C76EE770044536D /* CommentRepo */ = {
			isa = PBXGroup;
			children = (
				AE237C801C76EE870044536D /* HttpCommentRepoTest.swift */,
			);
			path = CommentRepo;
			sourceTree = "<group>";
		};
		AE3ECDEB1C76E947002D70B4 /* Resources */ = {
			isa = PBXGroup;
			children = (
				AE3ECDEC1C76E947002D70B4 /* Images */,
			);
			path = Resources;
			sourceTree = "<group>";
		};
		AE3ECDEC1C76E947002D70B4 /* Images */ = {
			isa = PBXGroup;
			children = (
				AE3ECDED1C76E947002D70B4 /* appleLogo.png */,
				AE3ECDF11C7AEAA0002D70B4 /* truck.png */,
			);
			path = Images;
			sourceTree = "<group>";
		};
		AE42F3F91C72E09F00447E67 /* RestaurantRepo */ = {
			isa = PBXGroup;
			children = (
				AE42F3FA1C72E0AC00447E67 /* HttpRestaurantRepoTest.swift */,
			);
			path = RestaurantRepo;
			sourceTree = "<group>";
		};
		AE74A5FA1C71727A00BD1C0C /* PhotoRepo */ = {
			isa = PBXGroup;
			children = (
				AE74A5FC1C71727A00BD1C0C /* NetworkPhotoRepo.swift */,
				AE74A5FB1C71727A00BD1C0C /* PhotoRepo.swift */,
			);
			path = PhotoRepo;
			sourceTree = "<group>";
		};
		AE74A5FD1C71727A00BD1C0C /* RestaurantRepo */ = {
			isa = PBXGroup;
			children = (
				AE74A5FE1C71727A00BD1C0C /* HttpRestaurantRepo.swift */,
				AE74A5FF1C71727A00BD1C0C /* RestaurantRepo.swift */,
			);
			path = RestaurantRepo;
			sourceTree = "<group>";
		};
		AE74A6001C71727A00BD1C0C /* SessionRepo */ = {
			isa = PBXGroup;
			children = (
				AE017D651C7177D000788FDF /* KeychainSessionRepo.swift */,
				AE7623311C719036006272C3 /* SessionRepo.swift */,
			);
			path = SessionRepo;
			sourceTree = "<group>";
		};
		AE74A6021C71727A00BD1C0C /* UserRepo */ = {
			isa = PBXGroup;
			children = (
				AE74A6031C71727A00BD1C0C /* HttpUserRepo.swift */,
				AE74A6041C71727A00BD1C0C /* UserRepo.swift */,
			);
			path = UserRepo;
			sourceTree = "<group>";
		};
		AEC877661C72FFFE0005BEA1 /* Comments */ = {
			isa = PBXGroup;
			children = (
				AEC877671C7300090005BEA1 /* NewCommentViewControllerTest.swift */,
			);
			path = Comments;
			sourceTree = "<group>";
		};
		AEC8776A1C7305810005BEA1 /* Features */ = {
			isa = PBXGroup;
			children = (
				AEC8776B1C7305810005BEA1 /* Comments */,
				AED030551C759425000BC99C /* Restaurants */,
				AE20233D1C76BF0E00F36F6C /* Storage */,
			);
			path = Features;
			sourceTree = "<group>";
		};
		AEC8776B1C7305810005BEA1 /* Comments */ = {
			isa = PBXGroup;
			children = (
				AE292CFA1C7AB1C50099A85B /* CommentParser.swift */,
				AEC8776E1C7306320005BEA1 /* NewComment.swift */,
				AEC8776C1C7305F90005BEA1 /* NewCommentViewController.swift */,
				AEAEF4951C730929004ECC89 /* PersistedComment.swift */,
			);
			path = Comments;
			sourceTree = "<group>";
		};
		AECA9B461C0EC90E00C30BA4 = {
			isa = PBXGroup;
			children = (
				AE1CEF6C1C15605B0006073F /* Frameworks */,
				AECA9B511C0EC90E00C30BA4 /* Osusume */,
				AECA9B661C0EC90E00C30BA4 /* OsusumeTests */,
				AED333AB1C634A5400127DC6 /* OsusumeUITests */,
				AECA9B501C0EC90E00C30BA4 /* Products */,
			);
			sourceTree = "<group>";
		};
		AECA9B501C0EC90E00C30BA4 /* Products */ = {
			isa = PBXGroup;
			children = (
				AECA9B4F1C0EC90E00C30BA4 /* Osusume.app */,
				AECA9B631C0EC90E00C30BA4 /* OsusumeTests.xctest */,
				AED333AA1C634A5400127DC6 /* OsusumeUITests.xctest */,
			);
			name = Products;
			sourceTree = "<group>";
		};
		AECA9B511C0EC90E00C30BA4 /* Osusume */ = {
			isa = PBXGroup;
			children = (
				DE99C2BF2EFF40CFC71363D1 /* Api */,
				DE99C419EF9848C3BDE9B291 /* Converters */,
				AEC8776A1C7305810005BEA1 /* Features */,
				DE99C0044C71DF22E5E51328 /* Models */,
				DE99CA211B4A8B02AE29C911 /* Navigation */,
				DE99C1FFFE3D1142AD7A070E /* Repos */,
				DE99C129438C34333056125D /* Screens */,
				AECA9B521C0EC90E00C30BA4 /* AppDelegate.swift */,
				AECA9B591C0EC90E00C30BA4 /* Assets.xcassets */,
				AE292CF81C7AB02D0099A85B /* DataParser.swift */,
				AECA9B5E1C0EC90E00C30BA4 /* Info.plist */,
				AECA9B5B1C0EC90E00C30BA4 /* LaunchScreen.storyboard */,
				AE10E14B1C5AF079006749F4 /* main.swift */,
				AEDEDC441C716D6900E1A031 /* OsusumeBridgingHeader.h */,
				AE3369111C7BF31E004BE03B /* ParseError.swift */,
			);
			path = Osusume;
			sourceTree = "<group>";
		};
		AECA9B661C0EC90E00C30BA4 /* OsusumeTests */ = {
			isa = PBXGroup;
			children = (
				DE99C6D9E900B2C60B8C67DA /* Converters */,
				AE0F65BE1C60346600778E50 /* Fakes */,
				AEE7CB011C7AB46C00F31289 /* Features */,
				DE99CE4BF4B09C4C96211B54 /* Navigation */,
				AE017D671C71799D00788FDF /* Repos */,
				AE3ECDEB1C76E947002D70B4 /* Resources */,
				DE99CF05F4A7BB5B048FC5BB /* Screens */,
				AEAEF4971C7315EC004ECC89 /* ExtensionsForTest.swift */,
				AE42F3FE1C72E74A00447E67 /* Fixtures.swift */,
				AECA9B691C0EC90E00C30BA4 /* Info.plist */,
			);
			path = OsusumeTests;
			sourceTree = "<group>";
		};
		AED030551C759425000BC99C /* Restaurants */ = {
			isa = PBXGroup;
			children = (
				AED030561C75943F000BC99C /* NewRestaurant.swift */,
			);
			path = Restaurants;
			sourceTree = "<group>";
		};
		AED333AB1C634A5400127DC6 /* OsusumeUITests */ = {
			isa = PBXGroup;
			children = (
				AED333AE1C634A5400127DC6 /* Info.plist */,
				AED333AC1C634A5400127DC6 /* OsusumeUITests.swift */,
			);
			path = OsusumeUITests;
			sourceTree = "<group>";
		};
		AEE7CB011C7AB46C00F31289 /* Features */ = {
			isa = PBXGroup;
			children = (
				AEE7CB021C7AB46C00F31289 /* Comments */,
			);
			path = Features;
			sourceTree = "<group>";
		};
		AEE7CB021C7AB46C00F31289 /* Comments */ = {
			isa = PBXGroup;
			children = (
				AEE7CB031C7AB48F00F31289 /* CommentParserTest.swift */,
			);
			path = Comments;
			sourceTree = "<group>";
		};
		DE99C0044C71DF22E5E51328 /* Models */ = {
			isa = PBXGroup;
			children = (
				DE99CAF596314CE5FFBC2D2A /* Restaurant.swift */,
			);
			path = Models;
			sourceTree = "<group>";
		};
		DE99C129438C34333056125D /* Screens */ = {
			isa = PBXGroup;
			children = (
				DE99C54688E7F01FE6A3777D /* Restaurants */,
				DE99C8E2D4573E447DF678D2 /* Users */,
			);
			path = Screens;
			sourceTree = "<group>";
		};
		DE99C1FFFE3D1142AD7A070E /* Repos */ = {
			isa = PBXGroup;
			children = (
				AE237C7C1C76EE490044536D /* CommentRepo */,
				AE74A5FA1C71727A00BD1C0C /* PhotoRepo */,
				AE74A5FD1C71727A00BD1C0C /* RestaurantRepo */,
				AE74A6001C71727A00BD1C0C /* SessionRepo */,
				AE74A6021C71727A00BD1C0C /* UserRepo */,
				AE331EF91C50A01C007D37C2 /* RepoError.swift */,
			);
			path = Repos;
			sourceTree = "<group>";
		};
		DE99C27815A58B229380223E /* Restaurants */ = {
			isa = PBXGroup;
			children = (
				AEDB5C211C75692F0050D002 /* EditRestaurantViewControllerTest.swift */,
				AEDB5C231C756B2B0050D002 /* NewRestaurantViewControllerTest.swift */,
				AEDEDC5A1C71B9E500E1A031 /* RestaurantDetailViewControllerTest.swift */,
				AEB2438F1C71666300959434 /* RestaurantListViewControllerTest.swift */,
			);
			path = Restaurants;
			sourceTree = "<group>";
		};
		DE99C2BF2EFF40CFC71363D1 /* Api */ = {
			isa = PBXGroup;
			children = (
				DE99CC0BEA8795F1B35798F3 /* AlamofireHttp.swift */,
				DE99CAD7F4ABA2ED123E25BF /* Http.swift */,
			);
			path = Api;
			sourceTree = "<group>";
		};
		DE99C419EF9848C3BDE9B291 /* Converters */ = {
			isa = PBXGroup;
			children = (
				AEFD19C21C61E6E7008809D5 /* DateConverter.swift */,
				DE99CE0583D662B014365B8D /* RestaurantConverter.swift */,
			);
			path = Converters;
			sourceTree = "<group>";
		};
		DE99C54688E7F01FE6A3777D /* Restaurants */ = {
			isa = PBXGroup;
			children = (
				AEE095DC1C44A009008E104B /* EditRestaurantViewController.swift */,
				DE99CFD1D44DEE333A4B91FC /* NewRestaurantViewController.swift */,
				AEDEDC481C71935200E1A031 /* RestaurantDetailPresenter.swift */,
				2482439F1C2D2B6400D52D01 /* RestaurantDetailViewController.swift */,
				AE81888E1C3F87D9009D3DE7 /* RestaurantFormView.swift */,
				DE99CF23833B1E11CEDEBB5E /* RestaurantListViewController.swift */,
				AE7E5B7F1C6870CF0057A795 /* RestaurantTableViewCell.swift */,
			);
			path = Restaurants;
			sourceTree = "<group>";
		};
		DE99C6D9E900B2C60B8C67DA /* Converters */ = {
			isa = PBXGroup;
			children = (
				AEC9D4C61C754DC2008C4122 /* DateConverterTest.swift */,
				AEDB5C1B1C755C570050D002 /* RestaurantConverterTest.swift */,
			);
			path = Converters;
			sourceTree = "<group>";
		};
		DE99C8E2D4573E447DF678D2 /* Users */ = {
			isa = PBXGroup;
			children = (
				DE99CAE18A548DAFDFD0CE09 /* LoginViewController.swift */,
			);
			path = Users;
			sourceTree = "<group>";
		};
		DE99CA211B4A8B02AE29C911 /* Navigation */ = {
			isa = PBXGroup;
			children = (
				AEA7123F1C4F4BF600862B02 /* LaunchWorkflow.swift */,
				DE99CAA9114682DAC8B2446F /* NavigationRouter.swift */,
				DE99CAB71B3ED7401BC1C3D2 /* Router.swift */,
			);
			path = Navigation;
			sourceTree = "<group>";
		};
		DE99CB59BBE28BEC558F6267 /* Users */ = {
			isa = PBXGroup;
			children = (
				AEDB5C251C75A0620050D002 /* LoginViewControllerTest.swift */,
			);
			path = Users;
			sourceTree = "<group>";
		};
		DE99CE4BF4B09C4C96211B54 /* Navigation */ = {
			isa = PBXGroup;
			children = (
				AEDB5C1D1C755FF40050D002 /* LaunchWorkflowTest.swift */,
				AEDB5C1F1C7564170050D002 /* NavigationRouterTest.swift */,
			);
			path = Navigation;
			sourceTree = "<group>";
		};
		DE99CF05F4A7BB5B048FC5BB /* Screens */ = {
			isa = PBXGroup;
			children = (
				AEC877661C72FFFE0005BEA1 /* Comments */,
				DE99C27815A58B229380223E /* Restaurants */,
				DE99CB59BBE28BEC558F6267 /* Users */,
			);
			path = Screens;
			sourceTree = "<group>";
		};
/* End PBXGroup section */

/* Begin PBXNativeTarget section */
		AECA9B4E1C0EC90E00C30BA4 /* Osusume */ = {
			isa = PBXNativeTarget;
			buildConfigurationList = AECA9B6C1C0EC90E00C30BA4 /* Build configuration list for PBXNativeTarget "Osusume" */;
			buildPhases = (
				AECA9B4B1C0EC90E00C30BA4 /* Sources */,
				AECA9B4C1C0EC90E00C30BA4 /* Frameworks */,
				AECA9B4D1C0EC90E00C30BA4 /* Resources */,
				AE2978131C10159200751DD3 /* ShellScript */,
			);
			buildRules = (
			);
			dependencies = (
			);
			name = Osusume;
			productName = Osusume;
			productReference = AECA9B4F1C0EC90E00C30BA4 /* Osusume.app */;
			productType = "com.apple.product-type.application";
		};
		AECA9B621C0EC90E00C30BA4 /* OsusumeTests */ = {
			isa = PBXNativeTarget;
			buildConfigurationList = AECA9B6F1C0EC90E00C30BA4 /* Build configuration list for PBXNativeTarget "OsusumeTests" */;
			buildPhases = (
				AECA9B5F1C0EC90E00C30BA4 /* Sources */,
				AECA9B601C0EC90E00C30BA4 /* Frameworks */,
				AECA9B611C0EC90E00C30BA4 /* Resources */,
				AECA9B7B1C0ED97900C30BA4 /* Run Script */,
			);
			buildRules = (
			);
			dependencies = (
				AECA9B651C0EC90E00C30BA4 /* PBXTargetDependency */,
			);
			name = OsusumeTests;
			productName = OsusumeTests;
			productReference = AECA9B631C0EC90E00C30BA4 /* OsusumeTests.xctest */;
			productType = "com.apple.product-type.bundle.unit-test";
		};
		AED333A91C634A5400127DC6 /* OsusumeUITests */ = {
			isa = PBXNativeTarget;
			buildConfigurationList = AED333B41C634A5400127DC6 /* Build configuration list for PBXNativeTarget "OsusumeUITests" */;
			buildPhases = (
				AED333A61C634A5400127DC6 /* Sources */,
				AED333A71C634A5400127DC6 /* Frameworks */,
				AED333A81C634A5400127DC6 /* Resources */,
			);
			buildRules = (
			);
			dependencies = (
				AED333B01C634A5400127DC6 /* PBXTargetDependency */,
			);
			name = OsusumeUITests;
			productName = OsusumeUITests;
			productReference = AED333AA1C634A5400127DC6 /* OsusumeUITests.xctest */;
			productType = "com.apple.product-type.bundle.ui-testing";
		};
/* End PBXNativeTarget section */

/* Begin PBXProject section */
		AECA9B471C0EC90E00C30BA4 /* Project object */ = {
			isa = PBXProject;
			attributes = {
				CLASSPREFIX = "";
				LastSwiftUpdateCheck = 0720;
				LastUpgradeCheck = 0710;
				ORGANIZATIONNAME = io.pivotal;
				TargetAttributes = {
					AECA9B4E1C0EC90E00C30BA4 = {
						CreatedOnToolsVersion = 7.1.1;
						DevelopmentTeam = BVZYXK966R;
					};
					AECA9B621C0EC90E00C30BA4 = {
						CreatedOnToolsVersion = 7.1.1;
						TestTargetID = AECA9B4E1C0EC90E00C30BA4;
					};
					AED333A91C634A5400127DC6 = {
						CreatedOnToolsVersion = 7.2;
						TestTargetID = AECA9B4E1C0EC90E00C30BA4;
					};
				};
			};
			buildConfigurationList = AECA9B4A1C0EC90E00C30BA4 /* Build configuration list for PBXProject "Osusume" */;
			compatibilityVersion = "Xcode 3.2";
			developmentRegion = English;
			hasScannedForEncodings = 0;
			knownRegions = (
				en,
				Base,
			);
			mainGroup = AECA9B461C0EC90E00C30BA4;
			productRefGroup = AECA9B501C0EC90E00C30BA4 /* Products */;
			projectDirPath = "";
			projectRoot = "";
			targets = (
				AECA9B4E1C0EC90E00C30BA4 /* Osusume */,
				AECA9B621C0EC90E00C30BA4 /* OsusumeTests */,
				AED333A91C634A5400127DC6 /* OsusumeUITests */,
			);
		};
/* End PBXProject section */

/* Begin PBXResourcesBuildPhase section */
		AECA9B4D1C0EC90E00C30BA4 /* Resources */ = {
			isa = PBXResourcesBuildPhase;
			buildActionMask = 2147483647;
			files = (
				AECA9B5A1C0EC90E00C30BA4 /* Assets.xcassets in Resources */,
				AECA9B5D1C0EC90E00C30BA4 /* LaunchScreen.storyboard in Resources */,
			);
			runOnlyForDeploymentPostprocessing = 0;
		};
		AECA9B611C0EC90E00C30BA4 /* Resources */ = {
			isa = PBXResourcesBuildPhase;
			buildActionMask = 2147483647;
			files = (
				AE3ECDEE1C76E947002D70B4 /* appleLogo.png in Resources */,
				AE3ECDF21C7AEAA0002D70B4 /* truck.png in Resources */,
			);
			runOnlyForDeploymentPostprocessing = 0;
		};
		AED333A81C634A5400127DC6 /* Resources */ = {
			isa = PBXResourcesBuildPhase;
			buildActionMask = 2147483647;
			files = (
			);
			runOnlyForDeploymentPostprocessing = 0;
		};
/* End PBXResourcesBuildPhase section */

/* Begin PBXShellScriptBuildPhase section */
		AE2978131C10159200751DD3 /* ShellScript */ = {
			isa = PBXShellScriptBuildPhase;
			buildActionMask = 2147483647;
			files = (
			);
			inputPaths = (
				"$(SRCROOT)/Carthage/Build/iOS/PureLayout.framework",
				"$(SRCROOT)/Carthage/Build/iOS/BrightFutures.framework",
				"$(SRCROOT)/Carthage/Build/iOS/Result.framework",
				"$(SRCROOT)/Carthage/Build/iOS/Alamofire.framework",
				"$(SRCROOT)/Carthage/Build/iOS/KeychainAccess.framework",
				"$(SRCROOT)/Carthage/Build/iOS/WebImage.framework",
				"$(SRCROOT)/Carthage/Build/iOS/BSGridCollectionViewLayout.framework",
				"$(SRCROOT)/Carthage/Build/iOS/BSImagePicker.framework",
				"$(SRCROOT)/Carthage/Build/iOS/UIImageViewModeScaleAspect.framework",
			);
			outputPaths = (
			);
			runOnlyForDeploymentPostprocessing = 0;
			shellPath = /bin/sh;
			shellScript = "/usr/local/bin/carthage copy-frameworks";
		};
		AECA9B7B1C0ED97900C30BA4 /* Run Script */ = {
			isa = PBXShellScriptBuildPhase;
			buildActionMask = 2147483647;
			files = (
			);
			inputPaths = (
				"$(SRCROOT)/Carthage/Build/iOS/Nimble.framework",
				"$(SRCROOT)/Carthage/Build/iOS/Quick.framework",
				"$(SRCROOT)/Carthage/Build/iOS/PureLayout.framework",
				"$(SRCROOT)/Carthage/Build/iOS/BrightFutures.framework",
				"$(SRCROOT)/Carthage/Build/iOS/Result.framework",
				"$(SRCROOT)/Carthage/Build/iOS/Alamofire.framework",
				"$(SRCROOT)/Carthage/Build/iOS/KeychainAccess.framework",
				"$(SRCROOT)/Carthage/Build/iOS/WebImage.framework",
			);
			name = "Run Script";
			outputPaths = (
			);
			runOnlyForDeploymentPostprocessing = 0;
			shellPath = /bin/sh;
			shellScript = "/usr/local/bin/carthage copy-frameworks";
		};
/* End PBXShellScriptBuildPhase section */

/* Begin PBXSourcesBuildPhase section */
		AECA9B4B1C0EC90E00C30BA4 /* Sources */ = {
			isa = PBXSourcesBuildPhase;
			buildActionMask = 2147483647;
			files = (
				DE99C7C1E73B412E900D494C /* AlamofireHttp.swift in Sources */,
				AECA9B531C0EC90E00C30BA4 /* AppDelegate.swift in Sources */,
				AE292CFB1C7AB1C50099A85B /* CommentParser.swift in Sources */,
				AE292CF91C7AB02D0099A85B /* DataParser.swift in Sources */,
				AEFD19C31C61E6E7008809D5 /* DateConverter.swift in Sources */,
				AEE095DD1C44A009008E104B /* EditRestaurantViewController.swift in Sources */,
				DE99CDBDBD35F271954B99EC /* Http.swift in Sources */,
				AE237C7E1C76EE490044536D /* HttpCommentRepo.swift in Sources */,
				AE74A6071C71727A00BD1C0C /* HttpRestaurantRepo.swift in Sources */,
				AE74A60A1C71727A00BD1C0C /* HttpUserRepo.swift in Sources */,
				AE017D661C7177D000788FDF /* KeychainSessionRepo.swift in Sources */,
				AEA712401C4F4BF600862B02 /* LaunchWorkflow.swift in Sources */,
				DE99C2F30746E41BE551929B /* LoginViewController.swift in Sources */,
				AE10E14C1C5AF079006749F4 /* main.swift in Sources */,
				DE99C1BD8A703F77AFD777D0 /* NavigationRouter.swift in Sources */,
				AE74A6061C71727A00BD1C0C /* NetworkPhotoRepo.swift in Sources */,
				AEC8776F1C7306320005BEA1 /* NewComment.swift in Sources */,
				AEC8776D1C7305F90005BEA1 /* NewCommentViewController.swift in Sources */,
				AED030571C75943F000BC99C /* NewRestaurant.swift in Sources */,
				DE99CAAB65BC8243F5B84D01 /* NewRestaurantViewController.swift in Sources */,
				AE2023411C76BF6200F36F6C /* NSUUIDProvider.swift in Sources */,
				AE3369121C7BF31E004BE03B /* ParseError.swift in Sources */,
				AEAEF4961C730929004ECC89 /* PersistedComment.swift in Sources */,
				AE74A6051C71727A00BD1C0C /* PhotoRepo.swift in Sources */,
				AE331EFA1C50A01C007D37C2 /* RepoError.swift in Sources */,
				DE99C76AD03A5F6287E76BFC /* Restaurant.swift in Sources */,
				DE99C785DEA75F18FF4965A3 /* RestaurantConverter.swift in Sources */,
				AEDEDC491C71935200E1A031 /* RestaurantDetailPresenter.swift in Sources */,
				248243A01C2D2B6400D52D01 /* RestaurantDetailViewController.swift in Sources */,
				AE81888F1C3F87DA009D3DE7 /* RestaurantFormView.swift in Sources */,
				DE99C10616C05F8501BCC810 /* RestaurantListViewController.swift in Sources */,
				AE74A6081C71727A00BD1C0C /* RestaurantRepo.swift in Sources */,
				AE7E5B801C6870CF0057A795 /* RestaurantTableViewCell.swift in Sources */,
				DE99C674E82B6B17CDB36A4B /* Router.swift in Sources */,
				AE20233F1C76BF1700F36F6C /* S3Storage.swift in Sources */,
				AE7623321C719036006272C3 /* SessionRepo.swift in Sources */,
				AE74A60B1C71727A00BD1C0C /* UserRepo.swift in Sources */,
			);
			runOnlyForDeploymentPostprocessing = 0;
		};
		AECA9B5F1C0EC90E00C30BA4 /* Sources */ = {
			isa = PBXSourcesBuildPhase;
			buildActionMask = 2147483647;
			files = (
				AEE7CB041C7AB48F00F31289 /* CommentParserTest.swift in Sources */,
				AEC9D4C71C754DC2008C4122 /* DateConverterTest.swift in Sources */,
				AEDB5C221C75692F0050D002 /* EditRestaurantViewControllerTest.swift in Sources */,
				AEAEF4981C7315EC004ECC89 /* ExtensionsForTest.swift in Sources */,
				AEC877651C72FFAF0005BEA1 /* FakeCommentRepo.swift in Sources */,
				AE42F3FD1C72E3BF00447E67 /* FakeHttp.swift in Sources */,
				AE15CB5B1C7C053F0060E862 /* FakeLocalStorage.swift in Sources */,
				AED333A51C62E8B200127DC6 /* FakePhotoRepo.swift in Sources */,
				AE0F65C21C60346600778E50 /* FakeRestaurantRepo.swift in Sources */,
				AE0F65C31C60346600778E50 /* FakeRouter.swift in Sources */,
				AE7623341C7190AA006272C3 /* FakeSessionRepo.swift in Sources */,
				AE2023451C76BFCE00F36F6C /* FakeStorageProvider.swift in Sources */,
				AE0F65C41C60346600778E50 /* FakeUserRepo.swift in Sources */,
				AE2023431C76BFAC00F36F6C /* FakeUUIDProvider.swift in Sources */,
				AE42F3FF1C72E74A00447E67 /* Fixtures.swift in Sources */,
				AE237C811C76EE870044536D /* HttpCommentRepoTest.swift in Sources */,
				AE42F3FB1C72E0AC00447E67 /* HttpRestaurantRepoTest.swift in Sources */,
				AE017D6A1C7179B400788FDF /* KeychainSessionRepoTest.swift in Sources */,
				AEDB5C1E1C755FF40050D002 /* LaunchWorkflowTest.swift in Sources */,
				AEDB5C261C75A0620050D002 /* LoginViewControllerTest.swift in Sources */,
				AEDB5C201C7564170050D002 /* NavigationRouterTest.swift in Sources */,
				AE20233C1C76B5A900F36F6C /* NetworkPhotoRepoTest.swift in Sources */,
				AEC877681C7300090005BEA1 /* NewCommentViewControllerTest.swift in Sources */,
				AEDB5C241C756B2B0050D002 /* NewRestaurantViewControllerTest.swift in Sources */,
				AEDB5C1C1C755C570050D002 /* RestaurantConverterTest.swift in Sources */,
				AEDEDC5B1C71B9E500E1A031 /* RestaurantDetailViewControllerTest.swift in Sources */,
				AEB243901C71666300959434 /* RestaurantListViewControllerTest.swift in Sources */,
			);
			runOnlyForDeploymentPostprocessing = 0;
		};
		AED333A61C634A5400127DC6 /* Sources */ = {
			isa = PBXSourcesBuildPhase;
			buildActionMask = 2147483647;
			files = (
				AED333AD1C634A5400127DC6 /* OsusumeUITests.swift in Sources */,
			);
			runOnlyForDeploymentPostprocessing = 0;
		};
/* End PBXSourcesBuildPhase section */

/* Begin PBXTargetDependency section */
		AECA9B651C0EC90E00C30BA4 /* PBXTargetDependency */ = {
			isa = PBXTargetDependency;
			target = AECA9B4E1C0EC90E00C30BA4 /* Osusume */;
			targetProxy = AECA9B641C0EC90E00C30BA4 /* PBXContainerItemProxy */;
		};
		AED333B01C634A5400127DC6 /* PBXTargetDependency */ = {
			isa = PBXTargetDependency;
			target = AECA9B4E1C0EC90E00C30BA4 /* Osusume */;
			targetProxy = AED333AF1C634A5400127DC6 /* PBXContainerItemProxy */;
		};
/* End PBXTargetDependency section */

/* Begin PBXVariantGroup section */
		AECA9B5B1C0EC90E00C30BA4 /* LaunchScreen.storyboard */ = {
			isa = PBXVariantGroup;
			children = (
				AECA9B5C1C0EC90E00C30BA4 /* Base */,
			);
			name = LaunchScreen.storyboard;
			sourceTree = "<group>";
		};
/* End PBXVariantGroup section */

/* Begin XCBuildConfiguration section */
		AE293BC61C3CBFC900E09ABC /* Staging */ = {
			isa = XCBuildConfiguration;
			buildSettings = {
				ALWAYS_SEARCH_USER_PATHS = NO;
				CLANG_CXX_LANGUAGE_STANDARD = "gnu++0x";
				CLANG_CXX_LIBRARY = "libc++";
				CLANG_ENABLE_MODULES = YES;
				CLANG_ENABLE_OBJC_ARC = YES;
				CLANG_WARN_BOOL_CONVERSION = YES;
				CLANG_WARN_CONSTANT_CONVERSION = YES;
				CLANG_WARN_DIRECT_OBJC_ISA_USAGE = YES_ERROR;
				CLANG_WARN_EMPTY_BODY = YES;
				CLANG_WARN_ENUM_CONVERSION = YES;
				CLANG_WARN_INT_CONVERSION = YES;
				CLANG_WARN_OBJC_ROOT_CLASS = YES_ERROR;
				CLANG_WARN_UNREACHABLE_CODE = YES;
				CLANG_WARN__DUPLICATE_METHOD_MATCH = YES;
				"CODE_SIGN_IDENTITY[sdk=iphoneos*]" = "iPhone Developer";
				COPY_PHASE_STRIP = NO;
				DEBUG_INFORMATION_FORMAT = dwarf;
				ENABLE_STRICT_OBJC_MSGSEND = YES;
				ENABLE_TESTABILITY = YES;
				GCC_C_LANGUAGE_STANDARD = gnu99;
				GCC_DYNAMIC_NO_PIC = NO;
				GCC_NO_COMMON_BLOCKS = YES;
				GCC_OPTIMIZATION_LEVEL = 0;
				GCC_PREPROCESSOR_DEFINITIONS = (
					"DEBUG=1",
					"$(inherited)",
				);
				GCC_WARN_64_TO_32_BIT_CONVERSION = YES;
				GCC_WARN_ABOUT_RETURN_TYPE = YES_ERROR;
				GCC_WARN_UNDECLARED_SELECTOR = YES;
				GCC_WARN_UNINITIALIZED_AUTOS = YES_AGGRESSIVE;
				GCC_WARN_UNUSED_FUNCTION = YES;
				GCC_WARN_UNUSED_VARIABLE = YES;
				IPHONEOS_DEPLOYMENT_TARGET = 9.1;
				MTL_ENABLE_DEBUG_INFO = YES;
				ONLY_ACTIVE_ARCH = YES;
				SDKROOT = iphoneos;
				SWIFT_OPTIMIZATION_LEVEL = "-Onone";
			};
			name = Staging;
		};
		AE293BC71C3CBFC900E09ABC /* Staging */ = {
			isa = XCBuildConfiguration;
			buildSettings = {
				ASSETCATALOG_COMPILER_APPICON_NAME = AppIcon;
				CODE_SIGN_IDENTITY = "iPhone Developer";
				"CODE_SIGN_IDENTITY[sdk=iphoneos*]" = "iPhone Developer";
				FRAMEWORK_SEARCH_PATHS = (
					"$(inherited)",
					"$(PROJECT_DIR)/Carthage/Build/iOS",
					"$(PROJECT_DIR)/Libs/aws-ios-sdk-2.3.4/frameworks",
					"$(PROJECT_DIR)/Libs/aws-ios-sdk-2.3.4/frameworks/extras",
				);
				INFOPLIST_FILE = Osusume/Info.plist;
				LD_RUNPATH_SEARCH_PATHS = "$(inherited) @executable_path/Frameworks";
				PRODUCT_BUNDLE_IDENTIFIER = Pivotal.Osusume;
				PRODUCT_NAME = "$(TARGET_NAME)";
				PROVISIONING_PROFILE = "";
				SWIFT_OBJC_BRIDGING_HEADER = Osusume/OsusumeBridgingHeader.h;
				ServerURL = "https://osusume.cfapps.io";
			};
			name = Staging;
		};
		AE293BC81C3CBFC900E09ABC /* Staging */ = {
			isa = XCBuildConfiguration;
			buildSettings = {
				BUNDLE_LOADER = "$(TEST_HOST)";
				CLANG_ENABLE_MODULES = YES;
				FRAMEWORK_SEARCH_PATHS = (
					"$(inherited)",
					"$(PROJECT_DIR)/Carthage/Build/iOS",
					"$(PROJECT_DIR)/Libs/aws-ios-sdk-2.3.4/frameworks",
					"$(PROJECT_DIR)/Libs/aws-ios-sdk-2.3.4/frameworks/extras",
				);
				INFOPLIST_FILE = OsusumeTests/Info.plist;
				LD_RUNPATH_SEARCH_PATHS = "$(inherited) @executable_path/Frameworks @loader_path/Frameworks";
				PRODUCT_BUNDLE_IDENTIFIER = Pivotal.OsusumeTests;
				PRODUCT_NAME = "$(TARGET_NAME)";
				SWIFT_OBJC_BRIDGING_HEADER = Osusume/OsusumeBridgingHeader.h;
				SWIFT_OPTIMIZATION_LEVEL = "-Onone";
				TEST_HOST = "$(BUILT_PRODUCTS_DIR)/Osusume.app/Osusume";
			};
			name = Staging;
		};
		AECA9B6A1C0EC90E00C30BA4 /* Debug */ = {
			isa = XCBuildConfiguration;
			buildSettings = {
				ALWAYS_SEARCH_USER_PATHS = NO;
				CLANG_CXX_LANGUAGE_STANDARD = "gnu++0x";
				CLANG_CXX_LIBRARY = "libc++";
				CLANG_ENABLE_MODULES = YES;
				CLANG_ENABLE_OBJC_ARC = YES;
				CLANG_WARN_BOOL_CONVERSION = YES;
				CLANG_WARN_CONSTANT_CONVERSION = YES;
				CLANG_WARN_DIRECT_OBJC_ISA_USAGE = YES_ERROR;
				CLANG_WARN_EMPTY_BODY = YES;
				CLANG_WARN_ENUM_CONVERSION = YES;
				CLANG_WARN_INT_CONVERSION = YES;
				CLANG_WARN_OBJC_ROOT_CLASS = YES_ERROR;
				CLANG_WARN_UNREACHABLE_CODE = YES;
				CLANG_WARN__DUPLICATE_METHOD_MATCH = YES;
				"CODE_SIGN_IDENTITY[sdk=iphoneos*]" = "iPhone Developer";
				COPY_PHASE_STRIP = NO;
				DEBUG_INFORMATION_FORMAT = dwarf;
				ENABLE_STRICT_OBJC_MSGSEND = YES;
				ENABLE_TESTABILITY = YES;
				GCC_C_LANGUAGE_STANDARD = gnu99;
				GCC_DYNAMIC_NO_PIC = NO;
				GCC_NO_COMMON_BLOCKS = YES;
				GCC_OPTIMIZATION_LEVEL = 0;
				GCC_PREPROCESSOR_DEFINITIONS = (
					"DEBUG=1",
					"$(inherited)",
				);
				GCC_WARN_64_TO_32_BIT_CONVERSION = YES;
				GCC_WARN_ABOUT_RETURN_TYPE = YES_ERROR;
				GCC_WARN_UNDECLARED_SELECTOR = YES;
				GCC_WARN_UNINITIALIZED_AUTOS = YES_AGGRESSIVE;
				GCC_WARN_UNUSED_FUNCTION = YES;
				GCC_WARN_UNUSED_VARIABLE = YES;
				IPHONEOS_DEPLOYMENT_TARGET = 9.1;
				MTL_ENABLE_DEBUG_INFO = YES;
				ONLY_ACTIVE_ARCH = YES;
				SDKROOT = iphoneos;
				SWIFT_OPTIMIZATION_LEVEL = "-Onone";
			};
			name = Debug;
		};
		AECA9B6B1C0EC90E00C30BA4 /* Release */ = {
			isa = XCBuildConfiguration;
			buildSettings = {
				ALWAYS_SEARCH_USER_PATHS = NO;
				CLANG_CXX_LANGUAGE_STANDARD = "gnu++0x";
				CLANG_CXX_LIBRARY = "libc++";
				CLANG_ENABLE_MODULES = YES;
				CLANG_ENABLE_OBJC_ARC = YES;
				CLANG_WARN_BOOL_CONVERSION = YES;
				CLANG_WARN_CONSTANT_CONVERSION = YES;
				CLANG_WARN_DIRECT_OBJC_ISA_USAGE = YES_ERROR;
				CLANG_WARN_EMPTY_BODY = YES;
				CLANG_WARN_ENUM_CONVERSION = YES;
				CLANG_WARN_INT_CONVERSION = YES;
				CLANG_WARN_OBJC_ROOT_CLASS = YES_ERROR;
				CLANG_WARN_UNREACHABLE_CODE = YES;
				CLANG_WARN__DUPLICATE_METHOD_MATCH = YES;
				"CODE_SIGN_IDENTITY[sdk=iphoneos*]" = "iPhone Developer";
				COPY_PHASE_STRIP = NO;
				DEBUG_INFORMATION_FORMAT = "dwarf-with-dsym";
				ENABLE_NS_ASSERTIONS = NO;
				ENABLE_STRICT_OBJC_MSGSEND = YES;
				GCC_C_LANGUAGE_STANDARD = gnu99;
				GCC_NO_COMMON_BLOCKS = YES;
				GCC_WARN_64_TO_32_BIT_CONVERSION = YES;
				GCC_WARN_ABOUT_RETURN_TYPE = YES_ERROR;
				GCC_WARN_UNDECLARED_SELECTOR = YES;
				GCC_WARN_UNINITIALIZED_AUTOS = YES_AGGRESSIVE;
				GCC_WARN_UNUSED_FUNCTION = YES;
				GCC_WARN_UNUSED_VARIABLE = YES;
				IPHONEOS_DEPLOYMENT_TARGET = 9.1;
				MTL_ENABLE_DEBUG_INFO = NO;
				SDKROOT = iphoneos;
				VALIDATE_PRODUCT = YES;
			};
			name = Release;
		};
		AECA9B6D1C0EC90E00C30BA4 /* Debug */ = {
			isa = XCBuildConfiguration;
			buildSettings = {
				ASSETCATALOG_COMPILER_APPICON_NAME = AppIcon;
				CODE_SIGN_IDENTITY = "iPhone Developer";
				"CODE_SIGN_IDENTITY[sdk=iphoneos*]" = "iPhone Developer";
				FRAMEWORK_SEARCH_PATHS = (
					"$(inherited)",
					"$(PROJECT_DIR)/Carthage/Build/iOS",
					"$(PROJECT_DIR)/Libs/aws-ios-sdk-2.3.4/frameworks",
					"$(PROJECT_DIR)/Libs/aws-ios-sdk-2.3.4/frameworks/extras",
				);
				INFOPLIST_FILE = Osusume/Info.plist;
				LD_RUNPATH_SEARCH_PATHS = "$(inherited) @executable_path/Frameworks";
				PRODUCT_BUNDLE_IDENTIFIER = Pivotal.Osusume;
				PRODUCT_NAME = "$(TARGET_NAME)";
				PROVISIONING_PROFILE = "";
				SWIFT_OBJC_BRIDGING_HEADER = Osusume/OsusumeBridgingHeader.h;
				ServerURL = "http://localhost:3000";
			};
			name = Debug;
		};
		AECA9B6E1C0EC90E00C30BA4 /* Release */ = {
			isa = XCBuildConfiguration;
			buildSettings = {
				ASSETCATALOG_COMPILER_APPICON_NAME = AppIcon;
				CODE_SIGN_IDENTITY = "iPhone Developer";
				"CODE_SIGN_IDENTITY[sdk=iphoneos*]" = "iPhone Developer";
				FRAMEWORK_SEARCH_PATHS = (
					"$(inherited)",
					"$(PROJECT_DIR)/Carthage/Build/iOS",
					"$(PROJECT_DIR)/Libs/aws-ios-sdk-2.3.4/frameworks",
					"$(PROJECT_DIR)/Libs/aws-ios-sdk-2.3.4/frameworks/extras",
				);
				INFOPLIST_FILE = Osusume/Info.plist;
				LD_RUNPATH_SEARCH_PATHS = "$(inherited) @executable_path/Frameworks";
				PRODUCT_BUNDLE_IDENTIFIER = Pivotal.Osusume;
				PRODUCT_NAME = "$(TARGET_NAME)";
				PROVISIONING_PROFILE = "";
				SWIFT_OBJC_BRIDGING_HEADER = Osusume/OsusumeBridgingHeader.h;
				ServerURL = "";
			};
			name = Release;
		};
		AECA9B701C0EC90E00C30BA4 /* Debug */ = {
			isa = XCBuildConfiguration;
			buildSettings = {
				BUNDLE_LOADER = "$(TEST_HOST)";
				CLANG_ENABLE_MODULES = YES;
				FRAMEWORK_SEARCH_PATHS = (
					"$(inherited)",
					"$(PROJECT_DIR)/Carthage/Build/iOS",
					"$(PROJECT_DIR)/Libs/aws-ios-sdk-2.3.4/frameworks",
					"$(PROJECT_DIR)/Libs/aws-ios-sdk-2.3.4/frameworks/extras",
				);
				INFOPLIST_FILE = OsusumeTests/Info.plist;
				LD_RUNPATH_SEARCH_PATHS = "$(inherited) @executable_path/Frameworks @loader_path/Frameworks";
				PRODUCT_BUNDLE_IDENTIFIER = Pivotal.OsusumeTests;
				PRODUCT_NAME = "$(TARGET_NAME)";
				SWIFT_OBJC_BRIDGING_HEADER = Osusume/OsusumeBridgingHeader.h;
				SWIFT_OPTIMIZATION_LEVEL = "-Onone";
				TEST_HOST = "$(BUILT_PRODUCTS_DIR)/Osusume.app/Osusume";
			};
			name = Debug;
		};
		AECA9B711C0EC90E00C30BA4 /* Release */ = {
			isa = XCBuildConfiguration;
			buildSettings = {
				BUNDLE_LOADER = "$(TEST_HOST)";
				CLANG_ENABLE_MODULES = YES;
				FRAMEWORK_SEARCH_PATHS = (
					"$(inherited)",
					"$(PROJECT_DIR)/Carthage/Build/iOS",
					"$(PROJECT_DIR)/Libs/aws-ios-sdk-2.3.4/frameworks",
					"$(PROJECT_DIR)/Libs/aws-ios-sdk-2.3.4/frameworks/extras",
				);
				INFOPLIST_FILE = OsusumeTests/Info.plist;
				LD_RUNPATH_SEARCH_PATHS = "$(inherited) @executable_path/Frameworks @loader_path/Frameworks";
				PRODUCT_BUNDLE_IDENTIFIER = Pivotal.OsusumeTests;
				PRODUCT_NAME = "$(TARGET_NAME)";
				SWIFT_OBJC_BRIDGING_HEADER = Osusume/OsusumeBridgingHeader.h;
				TEST_HOST = "$(BUILT_PRODUCTS_DIR)/Osusume.app/Osusume";
			};
			name = Release;
		};
		AED333B11C634A5400127DC6 /* Debug */ = {
			isa = XCBuildConfiguration;
			buildSettings = {
				FRAMEWORK_SEARCH_PATHS = (
					"$(inherited)",
					"$(PROJECT_DIR)/Carthage/Build/iOS",
				);
				INFOPLIST_FILE = OsusumeUITests/Info.plist;
				IPHONEOS_DEPLOYMENT_TARGET = 9.2;
				LD_RUNPATH_SEARCH_PATHS = "$(inherited) @executable_path/Frameworks @loader_path/Frameworks";
				PRODUCT_BUNDLE_IDENTIFIER = Pivotal.OsusumeUITests;
				PRODUCT_NAME = "$(TARGET_NAME)";
				ServerURL = "http://localhost:3000";
				TEST_TARGET_NAME = Osusume;
				USES_XCTRUNNER = YES;
			};
			name = Debug;
		};
		AED333B21C634A5400127DC6 /* Staging */ = {
			isa = XCBuildConfiguration;
			buildSettings = {
				FRAMEWORK_SEARCH_PATHS = (
					"$(inherited)",
					"$(PROJECT_DIR)/Carthage/Build/iOS",
				);
				INFOPLIST_FILE = OsusumeUITests/Info.plist;
				IPHONEOS_DEPLOYMENT_TARGET = 9.2;
				LD_RUNPATH_SEARCH_PATHS = "$(inherited) @executable_path/Frameworks @loader_path/Frameworks";
				PRODUCT_BUNDLE_IDENTIFIER = Pivotal.OsusumeUITests;
				PRODUCT_NAME = "$(TARGET_NAME)";
				ServerURL = "https://osusume.cfapps.io";
				TEST_TARGET_NAME = Osusume;
				USES_XCTRUNNER = YES;
			};
			name = Staging;
		};
		AED333B31C634A5400127DC6 /* Release */ = {
			isa = XCBuildConfiguration;
			buildSettings = {
				FRAMEWORK_SEARCH_PATHS = (
					"$(inherited)",
					"$(PROJECT_DIR)/Carthage/Build/iOS",
				);
				INFOPLIST_FILE = OsusumeUITests/Info.plist;
				IPHONEOS_DEPLOYMENT_TARGET = 9.2;
				LD_RUNPATH_SEARCH_PATHS = "$(inherited) @executable_path/Frameworks @loader_path/Frameworks";
				PRODUCT_BUNDLE_IDENTIFIER = Pivotal.OsusumeUITests;
				PRODUCT_NAME = "$(TARGET_NAME)";
				ServerURL = "";
				TEST_TARGET_NAME = Osusume;
				USES_XCTRUNNER = YES;
			};
			name = Release;
		};
/* End XCBuildConfiguration section */

/* Begin XCConfigurationList section */
		AECA9B4A1C0EC90E00C30BA4 /* Build configuration list for PBXProject "Osusume" */ = {
			isa = XCConfigurationList;
			buildConfigurations = (
				AECA9B6A1C0EC90E00C30BA4 /* Debug */,
				AE293BC61C3CBFC900E09ABC /* Staging */,
				AECA9B6B1C0EC90E00C30BA4 /* Release */,
			);
			defaultConfigurationIsVisible = 0;
			defaultConfigurationName = Staging;
		};
		AECA9B6C1C0EC90E00C30BA4 /* Build configuration list for PBXNativeTarget "Osusume" */ = {
			isa = XCConfigurationList;
			buildConfigurations = (
				AECA9B6D1C0EC90E00C30BA4 /* Debug */,
				AE293BC71C3CBFC900E09ABC /* Staging */,
				AECA9B6E1C0EC90E00C30BA4 /* Release */,
			);
			defaultConfigurationIsVisible = 0;
			defaultConfigurationName = Staging;
		};
		AECA9B6F1C0EC90E00C30BA4 /* Build configuration list for PBXNativeTarget "OsusumeTests" */ = {
			isa = XCConfigurationList;
			buildConfigurations = (
				AECA9B701C0EC90E00C30BA4 /* Debug */,
				AE293BC81C3CBFC900E09ABC /* Staging */,
				AECA9B711C0EC90E00C30BA4 /* Release */,
			);
			defaultConfigurationIsVisible = 0;
			defaultConfigurationName = Staging;
		};
		AED333B41C634A5400127DC6 /* Build configuration list for PBXNativeTarget "OsusumeUITests" */ = {
			isa = XCConfigurationList;
			buildConfigurations = (
				AED333B11C634A5400127DC6 /* Debug */,
				AED333B21C634A5400127DC6 /* Staging */,
				AED333B31C634A5400127DC6 /* Release */,
			);
			defaultConfigurationIsVisible = 0;
			defaultConfigurationName = Staging;
		};
/* End XCConfigurationList section */
	};
	rootObject = AECA9B471C0EC90E00C30BA4 /* Project object */;
}
